PODS:
  - THRCoreData (0.2.4):
    - THROperations
  - THROperations (0.1.0):
    - THRResult (~> 0.0.1)
  - THRResult (0.0.1)

DEPENDENCIES:
  - THRCoreData (from `../../`)

EXTERNAL SOURCES:
  THRCoreData:
    :path: "../../"

SPEC CHECKSUMS:
  THRCoreData: 3e57cd830d0b783083188bbffd3804ced878ef0d
  THROperations: 039c24eb7416cf8d684c1e07be9135b5876af06a
  THRResult: 173d7193812ef859e14c8fdbe8cd81e9deea5db4

PODFILE CHECKSUM: 87d07075c01d614ec54515555e4891a409777612

COCOAPODS: 1.2.0
