PODS:
  - THRCoreData (1.0.1):
    - THROperations
  - THROperations (1.0.0):
    - THRResult (~> 1.0.0)
  - THRResult (1.0.0)

DEPENDENCIES:
  - THRCoreData (from `../../`)

EXTERNAL SOURCES:
  THRCoreData:
    :path: ../../

SPEC CHECKSUMS:
  THRCoreData: 31a7f8ae3aab692ec16db9ac7e0886abb96eafad
  THROperations: dd0f3b3b359f79edbfe2be1075d64ed5cde696f1
  THRResult: 296480bc05503d1de3329f1dc71e44ace12d9176

PODFILE CHECKSUM: a11b191c97b2927b0033905a2502dbf36c2ff56b

COCOAPODS: 1.4.0
