PODS:
  - THROperations (0.1.0):
    - THRResult (~> 0.0.1)
  - THRResult (0.0.1)

DEPENDENCIES:
  - THROperations

SPEC CHECKSUMS:
  THROperations: 039c24eb7416cf8d684c1e07be9135b5876af06a
  THRResult: 173d7193812ef859e14c8fdbe8cd81e9deea5db4

PODFILE CHECKSUM: 56d79fa355be41575e740fa32b2df3228b6ff402

COCOAPODS: 1.2.0
