{
  "object": {
    "pins": [
      {
        "package": "PeakOperation",
        "repositoryURL": "https://github.com/3squared/PeakOperation.git",
        "state": {
          "branch": null,
          "revision": "f5070818152d65d001455992c0b414727f8e19d4",
          "version": "4.4.0"
        }
      }
    ]
  },
  "version": 1
}
