// !$*UTF8*$!
{
	archiveVersion = 1;
	classes = {
	};
	objectVersion = 46;
	objects = {

/* Begin PBXBuildFile section */
		1853FD4121A7020E001B6D45 /* PeakCoreData_macOS.framework in Frameworks */ = {isa = PBXBuildFile; fileRef = 1853FD3821A7020E001B6D45 /* PeakCoreData_macOS.framework */; };
		1853FD5221A70284001B6D45 /* PeakCoreData.h in Headers */ = {isa = PBXBuildFile; fileRef = 8D9797DE1DF8138100DAB75A /* PeakCoreData.h */; };
		1853FD8E21A80528001B6D45 /* AnotherEntity.swift in Sources */ = {isa = PBXBuildFile; fileRef = 1853FD7521A70759001B6D45 /* AnotherEntity.swift */; };
		1853FD8F21A80528001B6D45 /* CoreDataTests.swift in Sources */ = {isa = PBXBuildFile; fileRef = 1853FD7421A70759001B6D45 /* CoreDataTests.swift */; };
		1853FD9021A80528001B6D45 /* CountObserverTests.swift in Sources */ = {isa = PBXBuildFile; fileRef = 1853FD7021A70759001B6D45 /* CountObserverTests.swift */; };
		1853FD9121A80528001B6D45 /* FetchedCollectionTests.swift in Sources */ = {isa = PBXBuildFile; fileRef = 1853FD6D21A70759001B6D45 /* FetchedCollectionTests.swift */; };
		1853FD9221A80528001B6D45 /* ManagedObjectObserverTests.swift in Sources */ = {isa = PBXBuildFile; fileRef = 1853FD6F21A70759001B6D45 /* ManagedObjectObserverTests.swift */; };
		1853FD9321A80528001B6D45 /* ManagedObjectTypeTests.swift in Sources */ = {isa = PBXBuildFile; fileRef = 1853FD7121A70759001B6D45 /* ManagedObjectTypeTests.swift */; };
		1853FD9421A80528001B6D45 /* OperationTests.swift in Sources */ = {isa = PBXBuildFile; fileRef = 1853FD7321A70759001B6D45 /* OperationTests.swift */; };
		1853FD9621A80528001B6D45 /* TestEntity.swift in Sources */ = {isa = PBXBuildFile; fileRef = 1853FD6C21A70759001B6D45 /* TestEntity.swift */; };
		1853FD9721A80528001B6D45 /* TestEntity+JSON.swift in Sources */ = {isa = PBXBuildFile; fileRef = 1853FD7221A70759001B6D45 /* TestEntity+JSON.swift */; };
		1853FD9821A80528001B6D45 /* AnotherEntity.swift in Sources */ = {isa = PBXBuildFile; fileRef = 1853FD7521A70759001B6D45 /* AnotherEntity.swift */; };
		1853FD9921A80528001B6D45 /* CoreDataTests.swift in Sources */ = {isa = PBXBuildFile; fileRef = 1853FD7421A70759001B6D45 /* CoreDataTests.swift */; };
		1853FD9A21A80528001B6D45 /* CountObserverTests.swift in Sources */ = {isa = PBXBuildFile; fileRef = 1853FD7021A70759001B6D45 /* CountObserverTests.swift */; };
		1853FD9B21A80528001B6D45 /* FetchedCollectionTests.swift in Sources */ = {isa = PBXBuildFile; fileRef = 1853FD6D21A70759001B6D45 /* FetchedCollectionTests.swift */; };
		1853FD9C21A80528001B6D45 /* ManagedObjectObserverTests.swift in Sources */ = {isa = PBXBuildFile; fileRef = 1853FD6F21A70759001B6D45 /* ManagedObjectObserverTests.swift */; };
		1853FD9D21A80528001B6D45 /* ManagedObjectTypeTests.swift in Sources */ = {isa = PBXBuildFile; fileRef = 1853FD7121A70759001B6D45 /* ManagedObjectTypeTests.swift */; };
		1853FD9E21A80528001B6D45 /* OperationTests.swift in Sources */ = {isa = PBXBuildFile; fileRef = 1853FD7321A70759001B6D45 /* OperationTests.swift */; };
		1853FDA021A80528001B6D45 /* TestEntity.swift in Sources */ = {isa = PBXBuildFile; fileRef = 1853FD6C21A70759001B6D45 /* TestEntity.swift */; };
		1853FDA121A80528001B6D45 /* TestEntity+JSON.swift in Sources */ = {isa = PBXBuildFile; fileRef = 1853FD7221A70759001B6D45 /* TestEntity+JSON.swift */; };
		1853FDA221A8052B001B6D45 /* TestModel.xcdatamodeld in Sources */ = {isa = PBXBuildFile; fileRef = 1853FD6A21A70759001B6D45 /* TestModel.xcdatamodeld */; };
		1853FDA321A8052C001B6D45 /* TestModel.xcdatamodeld in Sources */ = {isa = PBXBuildFile; fileRef = 1853FD6A21A70759001B6D45 /* TestModel.xcdatamodeld */; };
		8D05BE6D2051518B00DE93AC /* FetchedDataProvider.swift in Sources */ = {isa = PBXBuildFile; fileRef = 8D05BE6C2051518B00DE93AC /* FetchedDataProvider.swift */; };
		8D159B00205C01EE004D693A /* ContextDidSaveNotification.swift in Sources */ = {isa = PBXBuildFile; fileRef = 8D159AFF205C01EE004D693A /* ContextDidSaveNotification.swift */; };
		8D6B966F20501D87003D20C0 /* FetchedTableViewDataSource.swift in Sources */ = {isa = PBXBuildFile; fileRef = 8D6B966E20501D86003D20C0 /* FetchedTableViewDataSource.swift */; };
		8D821931205AC7CA00732777 /* ObjectDidChangeNotification.swift in Sources */ = {isa = PBXBuildFile; fileRef = 8D821930205AC7CA00732777 /* ObjectDidChangeNotification.swift */; };
		8D821933205ACEAE00732777 /* CountObserver.swift in Sources */ = {isa = PBXBuildFile; fileRef = 8D821932205ACEAE00732777 /* CountObserver.swift */; };
		8D9797E51DF8138100DAB75A /* PeakCoreData_iOS.framework in Frameworks */ = {isa = PBXBuildFile; fileRef = 8D9797DB1DF8138100DAB75A /* PeakCoreData_iOS.framework */; };
		8D9797EC1DF8138100DAB75A /* PeakCoreData.h in Headers */ = {isa = PBXBuildFile; fileRef = 8D9797DE1DF8138100DAB75A /* PeakCoreData.h */; settings = {ATTRIBUTES = (Public, ); }; };
		8DB3C03F2050208400AE66DD /* FetchedCollectionViewDataSource.swift in Sources */ = {isa = PBXBuildFile; fileRef = 8DB3C03E2050208400AE66DD /* FetchedCollectionViewDataSource.swift */; };
		8DDAE2992056E113001D7521 /* CoreDataChangesetOperation.swift in Sources */ = {isa = PBXBuildFile; fileRef = 8DDAE2982056E113001D7521 /* CoreDataChangesetOperation.swift */; };
		8DFAC10F1F7918420015EDC0 /* CoreDataSingleImportOperation.swift in Sources */ = {isa = PBXBuildFile; fileRef = 8DFAC10E1F7918420015EDC0 /* CoreDataSingleImportOperation.swift */; };
		8DFAC1111F79274B0015EDC0 /* Changeset.swift in Sources */ = {isa = PBXBuildFile; fileRef = 8DFAC1101F79274B0015EDC0 /* Changeset.swift */; };
		8DFD6D66205A82F6008CFD28 /* ManagedObjectObserver.swift in Sources */ = {isa = PBXBuildFile; fileRef = 8DFD6D65205A82F6008CFD28 /* ManagedObjectObserver.swift */; };
		97AA2B667908946878294909 /* Pods_PeakCoreData.framework in Frameworks */ = {isa = PBXBuildFile; fileRef = CBEEAD29A8BB44890968C40B /* Pods_PeakCoreData.framework */; };
		CB13D8DE2058351C008B3678 /* FetchedCollection.swift in Sources */ = {isa = PBXBuildFile; fileRef = CB13D8DD2058351C008B3678 /* FetchedCollection.swift */; };
		CBF972A51E5DEE6D00F37801 /* CoreDataOperation.swift in Sources */ = {isa = PBXBuildFile; fileRef = CBF972A41E5DEE6D00F37801 /* CoreDataOperation.swift */; };
		CBF972B21E5DEE8700F37801 /* ManagedObjectType.swift in Sources */ = {isa = PBXBuildFile; fileRef = CBF972B01E5DEE8700F37801 /* ManagedObjectType.swift */; };
		CBF972B31E5DEE8700F37801 /* UniqueIdentifiable.swift in Sources */ = {isa = PBXBuildFile; fileRef = CBF972B11E5DEE8700F37801 /* UniqueIdentifiable.swift */; };
		CBF972B51E5DEEFC00F37801 /* PersistentContainerSettable.swift in Sources */ = {isa = PBXBuildFile; fileRef = CBF972B41E5DEEFC00F37801 /* PersistentContainerSettable.swift */; };
		CBF972BB1E5DEF2100F37801 /* ManagedObjectUpdatable.swift in Sources */ = {isa = PBXBuildFile; fileRef = CBF972BA1E5DEF2100F37801 /* ManagedObjectUpdatable.swift */; };
		CBF972BE1E5DEF2900F37801 /* CoreDataBatchImportOperation.swift in Sources */ = {isa = PBXBuildFile; fileRef = CBF972BC1E5DEF2900F37801 /* CoreDataBatchImportOperation.swift */; };
		F0B99C6E8634D38F3C4FE4F1 /* Pods_PeakCoreDataTests.framework in Frameworks */ = {isa = PBXBuildFile; fileRef = E72B09366538DEA59EAFFC84 /* Pods_PeakCoreDataTests.framework */; };
/* End PBXBuildFile section */

/* Begin PBXContainerItemProxy section */
		1853FD4221A7020E001B6D45 /* PBXContainerItemProxy */ = {
			isa = PBXContainerItemProxy;
			containerPortal = 8D9797D21DF8138100DAB75A /* Project object */;
			proxyType = 1;
			remoteGlobalIDString = 1853FD3721A7020E001B6D45;
			remoteInfo = PeakCoreData;
		};
		8D9797E61DF8138100DAB75A /* PBXContainerItemProxy */ = {
			isa = PBXContainerItemProxy;
			containerPortal = 8D9797D21DF8138100DAB75A /* Project object */;
			proxyType = 1;
			remoteGlobalIDString = 8D9797DA1DF8138100DAB75A;
			remoteInfo = THRCoreData;
		};
/* End PBXContainerItemProxy section */

/* Begin PBXFileReference section */
		1853FD3821A7020E001B6D45 /* PeakCoreData_macOS.framework */ = {isa = PBXFileReference; explicitFileType = wrapper.framework; includeInIndex = 0; path = PeakCoreData_macOS.framework; sourceTree = BUILT_PRODUCTS_DIR; };
		1853FD4021A7020E001B6D45 /* PeakCoreData_macOSTests.xctest */ = {isa = PBXFileReference; explicitFileType = wrapper.cfbundle; includeInIndex = 0; path = PeakCoreData_macOSTests.xctest; sourceTree = BUILT_PRODUCTS_DIR; };
		1853FD4F21A70279001B6D45 /* Info.plist */ = {isa = PBXFileReference; fileEncoding = 4; lastKnownFileType = text.plist.xml; path = Info.plist; sourceTree = "<group>"; };
		1853FD6621A70759001B6D45 /* Info.plist */ = {isa = PBXFileReference; fileEncoding = 4; lastKnownFileType = text.plist.xml; path = Info.plist; sourceTree = "<group>"; };
		1853FD6821A70759001B6D45 /* Info.plist */ = {isa = PBXFileReference; fileEncoding = 4; lastKnownFileType = text.plist.xml; path = Info.plist; sourceTree = "<group>"; };
		1853FD6B21A70759001B6D45 /* TestModel.xcdatamodel */ = {isa = PBXFileReference; lastKnownFileType = wrapper.xcdatamodel; path = TestModel.xcdatamodel; sourceTree = "<group>"; };
		1853FD6C21A70759001B6D45 /* TestEntity.swift */ = {isa = PBXFileReference; fileEncoding = 4; lastKnownFileType = sourcecode.swift; path = TestEntity.swift; sourceTree = "<group>"; };
		1853FD6D21A70759001B6D45 /* FetchedCollectionTests.swift */ = {isa = PBXFileReference; fileEncoding = 4; lastKnownFileType = sourcecode.swift; path = FetchedCollectionTests.swift; sourceTree = "<group>"; };
		1853FD6F21A70759001B6D45 /* ManagedObjectObserverTests.swift */ = {isa = PBXFileReference; fileEncoding = 4; lastKnownFileType = sourcecode.swift; path = ManagedObjectObserverTests.swift; sourceTree = "<group>"; };
		1853FD7021A70759001B6D45 /* CountObserverTests.swift */ = {isa = PBXFileReference; fileEncoding = 4; lastKnownFileType = sourcecode.swift; path = CountObserverTests.swift; sourceTree = "<group>"; };
		1853FD7121A70759001B6D45 /* ManagedObjectTypeTests.swift */ = {isa = PBXFileReference; fileEncoding = 4; lastKnownFileType = sourcecode.swift; path = ManagedObjectTypeTests.swift; sourceTree = "<group>"; };
		1853FD7221A70759001B6D45 /* TestEntity+JSON.swift */ = {isa = PBXFileReference; fileEncoding = 4; lastKnownFileType = sourcecode.swift; path = "TestEntity+JSON.swift"; sourceTree = "<group>"; };
		1853FD7321A70759001B6D45 /* OperationTests.swift */ = {isa = PBXFileReference; fileEncoding = 4; lastKnownFileType = sourcecode.swift; path = OperationTests.swift; sourceTree = "<group>"; };
		1853FD7421A70759001B6D45 /* CoreDataTests.swift */ = {isa = PBXFileReference; fileEncoding = 4; lastKnownFileType = sourcecode.swift; path = CoreDataTests.swift; sourceTree = "<group>"; };
		1853FD7521A70759001B6D45 /* AnotherEntity.swift */ = {isa = PBXFileReference; fileEncoding = 4; lastKnownFileType = sourcecode.swift; path = AnotherEntity.swift; sourceTree = "<group>"; };
		2922F3C57EE33341E8C70A53 /* Pods-PeakCoreDataTests.debug.xcconfig */ = {isa = PBXFileReference; includeInIndex = 1; lastKnownFileType = text.xcconfig; name = "Pods-PeakCoreDataTests.debug.xcconfig"; path = "Pods/Target Support Files/Pods-PeakCoreDataTests/Pods-PeakCoreDataTests.debug.xcconfig"; sourceTree = "<group>"; };
		694BDD5F23B0917B776ABDE8 /* Pods-PeakCoreData.release.xcconfig */ = {isa = PBXFileReference; includeInIndex = 1; lastKnownFileType = text.xcconfig; name = "Pods-PeakCoreData.release.xcconfig"; path = "Pods/Target Support Files/Pods-PeakCoreData/Pods-PeakCoreData.release.xcconfig"; sourceTree = "<group>"; };
		8D05BE6C2051518B00DE93AC /* FetchedDataProvider.swift */ = {isa = PBXFileReference; lastKnownFileType = sourcecode.swift; path = FetchedDataProvider.swift; sourceTree = "<group>"; };
		8D159AFF205C01EE004D693A /* ContextDidSaveNotification.swift */ = {isa = PBXFileReference; lastKnownFileType = sourcecode.swift; path = ContextDidSaveNotification.swift; sourceTree = "<group>"; };
		8D6B966E20501D86003D20C0 /* FetchedTableViewDataSource.swift */ = {isa = PBXFileReference; fileEncoding = 4; lastKnownFileType = sourcecode.swift; path = FetchedTableViewDataSource.swift; sourceTree = "<group>"; };
		8D821930205AC7CA00732777 /* ObjectDidChangeNotification.swift */ = {isa = PBXFileReference; lastKnownFileType = sourcecode.swift; path = ObjectDidChangeNotification.swift; sourceTree = "<group>"; };
		8D821932205ACEAE00732777 /* CountObserver.swift */ = {isa = PBXFileReference; lastKnownFileType = sourcecode.swift; path = CountObserver.swift; sourceTree = "<group>"; };
		8D9797DB1DF8138100DAB75A /* PeakCoreData_iOS.framework */ = {isa = PBXFileReference; explicitFileType = wrapper.framework; includeInIndex = 0; path = PeakCoreData_iOS.framework; sourceTree = BUILT_PRODUCTS_DIR; };
		8D9797DE1DF8138100DAB75A /* PeakCoreData.h */ = {isa = PBXFileReference; lastKnownFileType = sourcecode.c.h; path = PeakCoreData.h; sourceTree = "<group>"; };
		8D9797DF1DF8138100DAB75A /* Info.plist */ = {isa = PBXFileReference; lastKnownFileType = text.plist.xml; path = Info.plist; sourceTree = "<group>"; };
		8D9797E41DF8138100DAB75A /* PeakCoreData_iOSTests.xctest */ = {isa = PBXFileReference; explicitFileType = wrapper.cfbundle; includeInIndex = 0; path = PeakCoreData_iOSTests.xctest; sourceTree = BUILT_PRODUCTS_DIR; };
		8DB3C03E2050208400AE66DD /* FetchedCollectionViewDataSource.swift */ = {isa = PBXFileReference; lastKnownFileType = sourcecode.swift; path = FetchedCollectionViewDataSource.swift; sourceTree = "<group>"; };
		8DDAE2982056E113001D7521 /* CoreDataChangesetOperation.swift */ = {isa = PBXFileReference; lastKnownFileType = sourcecode.swift; path = CoreDataChangesetOperation.swift; sourceTree = "<group>"; };
		8DFAC10E1F7918420015EDC0 /* CoreDataSingleImportOperation.swift */ = {isa = PBXFileReference; lastKnownFileType = sourcecode.swift; path = CoreDataSingleImportOperation.swift; sourceTree = "<group>"; };
		8DFAC1101F79274B0015EDC0 /* Changeset.swift */ = {isa = PBXFileReference; lastKnownFileType = sourcecode.swift; path = Changeset.swift; sourceTree = "<group>"; };
		8DFD6D65205A82F6008CFD28 /* ManagedObjectObserver.swift */ = {isa = PBXFileReference; lastKnownFileType = sourcecode.swift; path = ManagedObjectObserver.swift; sourceTree = "<group>"; };
		C0A3AEC430E4B051590F505B /* Pods-PeakCoreDataTests.release.xcconfig */ = {isa = PBXFileReference; includeInIndex = 1; lastKnownFileType = text.xcconfig; name = "Pods-PeakCoreDataTests.release.xcconfig"; path = "Pods/Target Support Files/Pods-PeakCoreDataTests/Pods-PeakCoreDataTests.release.xcconfig"; sourceTree = "<group>"; };
		CB13D8DD2058351C008B3678 /* FetchedCollection.swift */ = {isa = PBXFileReference; fileEncoding = 4; lastKnownFileType = sourcecode.swift; path = FetchedCollection.swift; sourceTree = "<group>"; };
		CBEEAD29A8BB44890968C40B /* Pods_PeakCoreData.framework */ = {isa = PBXFileReference; explicitFileType = wrapper.framework; includeInIndex = 0; path = Pods_PeakCoreData.framework; sourceTree = BUILT_PRODUCTS_DIR; };
		CBF972A41E5DEE6D00F37801 /* CoreDataOperation.swift */ = {isa = PBXFileReference; fileEncoding = 4; lastKnownFileType = sourcecode.swift; path = CoreDataOperation.swift; sourceTree = "<group>"; };
		CBF972B01E5DEE8700F37801 /* ManagedObjectType.swift */ = {isa = PBXFileReference; fileEncoding = 4; lastKnownFileType = sourcecode.swift; path = ManagedObjectType.swift; sourceTree = "<group>"; };
		CBF972B11E5DEE8700F37801 /* UniqueIdentifiable.swift */ = {isa = PBXFileReference; fileEncoding = 4; lastKnownFileType = sourcecode.swift; path = UniqueIdentifiable.swift; sourceTree = "<group>"; };
		CBF972B41E5DEEFC00F37801 /* PersistentContainerSettable.swift */ = {isa = PBXFileReference; fileEncoding = 4; lastKnownFileType = sourcecode.swift; path = PersistentContainerSettable.swift; sourceTree = "<group>"; };
		CBF972BA1E5DEF2100F37801 /* ManagedObjectUpdatable.swift */ = {isa = PBXFileReference; fileEncoding = 4; lastKnownFileType = sourcecode.swift; path = ManagedObjectUpdatable.swift; sourceTree = "<group>"; };
		CBF972BC1E5DEF2900F37801 /* CoreDataBatchImportOperation.swift */ = {isa = PBXFileReference; fileEncoding = 4; lastKnownFileType = sourcecode.swift; path = CoreDataBatchImportOperation.swift; sourceTree = "<group>"; };
		DAC0D3C03C9FDAFE479F57F3 /* Pods-PeakCoreData.debug.xcconfig */ = {isa = PBXFileReference; includeInIndex = 1; lastKnownFileType = text.xcconfig; name = "Pods-PeakCoreData.debug.xcconfig"; path = "Pods/Target Support Files/Pods-PeakCoreData/Pods-PeakCoreData.debug.xcconfig"; sourceTree = "<group>"; };
		E72B09366538DEA59EAFFC84 /* Pods_PeakCoreDataTests.framework */ = {isa = PBXFileReference; explicitFileType = wrapper.framework; includeInIndex = 0; path = Pods_PeakCoreDataTests.framework; sourceTree = BUILT_PRODUCTS_DIR; };
/* End PBXFileReference section */

/* Begin PBXFrameworksBuildPhase section */
		1853FD3521A7020E001B6D45 /* Frameworks */ = {
			isa = PBXFrameworksBuildPhase;
			buildActionMask = 2147483647;
			files = (
			);
			runOnlyForDeploymentPostprocessing = 0;
		};
		1853FD3D21A7020E001B6D45 /* Frameworks */ = {
			isa = PBXFrameworksBuildPhase;
			buildActionMask = 2147483647;
			files = (
				1853FD4121A7020E001B6D45 /* PeakCoreData_macOS.framework in Frameworks */,
			);
			runOnlyForDeploymentPostprocessing = 0;
		};
		8D9797D71DF8138100DAB75A /* Frameworks */ = {
			isa = PBXFrameworksBuildPhase;
			buildActionMask = 2147483647;
			files = (
				97AA2B667908946878294909 /* Pods_PeakCoreData.framework in Frameworks */,
			);
			runOnlyForDeploymentPostprocessing = 0;
		};
		8D9797E11DF8138100DAB75A /* Frameworks */ = {
			isa = PBXFrameworksBuildPhase;
			buildActionMask = 2147483647;
			files = (
				8D9797E51DF8138100DAB75A /* PeakCoreData_iOS.framework in Frameworks */,
				F0B99C6E8634D38F3C4FE4F1 /* Pods_PeakCoreDataTests.framework in Frameworks */,
			);
			runOnlyForDeploymentPostprocessing = 0;
		};
/* End PBXFrameworksBuildPhase section */

/* Begin PBXGroup section */
		184FEABC22131E33004F20E4 /* Fetched Data Sources */ = {
			isa = PBXGroup;
			children = (
				CB13D8DD2058351C008B3678 /* FetchedCollection.swift */,
				8D05BE6C2051518B00DE93AC /* FetchedDataProvider.swift */,
				8DB3C03E2050208400AE66DD /* FetchedCollectionViewDataSource.swift */,
				8D6B966E20501D86003D20C0 /* FetchedTableViewDataSource.swift */,
			);
			path = "Fetched Data Sources";
			sourceTree = "<group>";
		};
		1853FD2F21A701AA001B6D45 /* Core */ = {
			isa = PBXGroup;
			children = (
				8D2DD2B02199916C00468575 /* Observers */,
				8D2DD2B32199919B00468575 /* Operations */,
				8D9797DE1DF8138100DAB75A /* PeakCoreData.h */,
				8D2DD2B5219991B300468575 /* Protocols */,
			);
			path = Core;
			sourceTree = "<group>";
		};
		1853FD3021A701B1001B6D45 /* Platforms */ = {
			isa = PBXGroup;
			children = (
				1853FD3121A701BC001B6D45 /* iOS */,
				1853FD3221A701C1001B6D45 /* macOS */,
			);
			path = Platforms;
			sourceTree = "<group>";
		};
		1853FD3121A701BC001B6D45 /* iOS */ = {
			isa = PBXGroup;
			children = (
				184FEABC22131E33004F20E4 /* Fetched Data Sources */,
				8D9797DF1DF8138100DAB75A /* Info.plist */,
			);
			path = iOS;
			sourceTree = "<group>";
		};
		1853FD3221A701C1001B6D45 /* macOS */ = {
			isa = PBXGroup;
			children = (
				1853FD4F21A70279001B6D45 /* Info.plist */,
			);
			path = macOS;
			sourceTree = "<group>";
		};
		1853FD6321A70759001B6D45 /* Unit Tests */ = {
			isa = PBXGroup;
			children = (
				1853FD6921A70759001B6D45 /* Core */,
				1853FD6421A70759001B6D45 /* Platforms */,
			);
			path = "Unit Tests";
			sourceTree = SOURCE_ROOT;
		};
		1853FD6421A70759001B6D45 /* Platforms */ = {
			isa = PBXGroup;
			children = (
				1853FD6521A70759001B6D45 /* macOS */,
				1853FD6721A70759001B6D45 /* iOS */,
			);
			path = Platforms;
			sourceTree = "<group>";
		};
		1853FD6521A70759001B6D45 /* macOS */ = {
			isa = PBXGroup;
			children = (
				1853FD6621A70759001B6D45 /* Info.plist */,
			);
			path = macOS;
			sourceTree = "<group>";
		};
		1853FD6721A70759001B6D45 /* iOS */ = {
			isa = PBXGroup;
			children = (
				1853FD6821A70759001B6D45 /* Info.plist */,
			);
			path = iOS;
			sourceTree = "<group>";
		};
		1853FD6921A70759001B6D45 /* Core */ = {
			isa = PBXGroup;
			children = (
				1853FD7521A70759001B6D45 /* AnotherEntity.swift */,
				1853FD7421A70759001B6D45 /* CoreDataTests.swift */,
				1853FD7021A70759001B6D45 /* CountObserverTests.swift */,
				1853FD6D21A70759001B6D45 /* FetchedCollectionTests.swift */,
				1853FD6F21A70759001B6D45 /* ManagedObjectObserverTests.swift */,
				1853FD7121A70759001B6D45 /* ManagedObjectTypeTests.swift */,
				1853FD7321A70759001B6D45 /* OperationTests.swift */,
				1853FD6C21A70759001B6D45 /* TestEntity.swift */,
				1853FD7221A70759001B6D45 /* TestEntity+JSON.swift */,
				1853FD6A21A70759001B6D45 /* TestModel.xcdatamodeld */,
			);
			path = Core;
			sourceTree = "<group>";
		};
		193A75F4ED666DBC222D66C6 /* Pods */ = {
			isa = PBXGroup;
			children = (
				DAC0D3C03C9FDAFE479F57F3 /* Pods-PeakCoreData.debug.xcconfig */,
				694BDD5F23B0917B776ABDE8 /* Pods-PeakCoreData.release.xcconfig */,
				2922F3C57EE33341E8C70A53 /* Pods-PeakCoreDataTests.debug.xcconfig */,
				C0A3AEC430E4B051590F505B /* Pods-PeakCoreDataTests.release.xcconfig */,
			);
			name = Pods;
			sourceTree = "<group>";
		};
		8D2DD2B02199916C00468575 /* Observers */ = {
			isa = PBXGroup;
			children = (
				8D821932205ACEAE00732777 /* CountObserver.swift */,
				8DFD6D65205A82F6008CFD28 /* ManagedObjectObserver.swift */,
				8D2DD2B12199917C00468575 /* Notifications */,
			);
			path = Observers;
			sourceTree = "<group>";
		};
		8D2DD2B12199917C00468575 /* Notifications */ = {
			isa = PBXGroup;
			children = (
				8D159AFF205C01EE004D693A /* ContextDidSaveNotification.swift */,
				8D821930205AC7CA00732777 /* ObjectDidChangeNotification.swift */,
			);
			path = Notifications;
			sourceTree = "<group>";
		};
		8D2DD2B32199919B00468575 /* Operations */ = {
			isa = PBXGroup;
			children = (
				8DFAC1101F79274B0015EDC0 /* Changeset.swift */,
				CBF972A41E5DEE6D00F37801 /* CoreDataOperation.swift */,
				8DDAE2982056E113001D7521 /* CoreDataChangesetOperation.swift */,
				CBF972BC1E5DEF2900F37801 /* CoreDataBatchImportOperation.swift */,
				8DFAC10E1F7918420015EDC0 /* CoreDataSingleImportOperation.swift */,
			);
			path = Operations;
			sourceTree = "<group>";
		};
		8D2DD2B5219991B300468575 /* Protocols */ = {
			isa = PBXGroup;
			children = (
				CBF972B01E5DEE8700F37801 /* ManagedObjectType.swift */,
				CBF972BA1E5DEF2100F37801 /* ManagedObjectUpdatable.swift */,
				CBF972B41E5DEEFC00F37801 /* PersistentContainerSettable.swift */,
				CBF972B11E5DEE8700F37801 /* UniqueIdentifiable.swift */,
			);
			path = Protocols;
			sourceTree = "<group>";
		};
		8D9797D11DF8138100DAB75A = {
			isa = PBXGroup;
			children = (
				8D9797DD1DF8138100DAB75A /* PeakCoreData */,
				1853FD6321A70759001B6D45 /* Unit Tests */,
				8D9797DC1DF8138100DAB75A /* Products */,
				193A75F4ED666DBC222D66C6 /* Pods */,
				B6BED3CCDC8E0ACD5DB44FA6 /* Frameworks */,
			);
			sourceTree = "<group>";
		};
		8D9797DC1DF8138100DAB75A /* Products */ = {
			isa = PBXGroup;
			children = (
				8D9797DB1DF8138100DAB75A /* PeakCoreData_iOS.framework */,
				8D9797E41DF8138100DAB75A /* PeakCoreData_iOSTests.xctest */,
				1853FD3821A7020E001B6D45 /* PeakCoreData_macOS.framework */,
				1853FD4021A7020E001B6D45 /* PeakCoreData_macOSTests.xctest */,
			);
			name = Products;
			sourceTree = "<group>";
		};
		8D9797DD1DF8138100DAB75A /* PeakCoreData */ = {
			isa = PBXGroup;
			children = (
				1853FD2F21A701AA001B6D45 /* Core */,
				1853FD3021A701B1001B6D45 /* Platforms */,
			);
			path = PeakCoreData;
			sourceTree = "<group>";
		};
		B6BED3CCDC8E0ACD5DB44FA6 /* Frameworks */ = {
			isa = PBXGroup;
			children = (
				CBEEAD29A8BB44890968C40B /* Pods_PeakCoreData.framework */,
				E72B09366538DEA59EAFFC84 /* Pods_PeakCoreDataTests.framework */,
			);
			name = Frameworks;
			sourceTree = "<group>";
		};
/* End PBXGroup section */

/* Begin PBXHeadersBuildPhase section */
		1853FD3321A7020E001B6D45 /* Headers */ = {
			isa = PBXHeadersBuildPhase;
			buildActionMask = 2147483647;
			files = (
				1853FD5221A70284001B6D45 /* PeakCoreData.h in Headers */,
			);
			runOnlyForDeploymentPostprocessing = 0;
		};
		8D9797D81DF8138100DAB75A /* Headers */ = {
			isa = PBXHeadersBuildPhase;
			buildActionMask = 2147483647;
			files = (
				8D9797EC1DF8138100DAB75A /* PeakCoreData.h in Headers */,
			);
			runOnlyForDeploymentPostprocessing = 0;
		};
/* End PBXHeadersBuildPhase section */

/* Begin PBXNativeTarget section */
		1853FD3721A7020E001B6D45 /* PeakCoreData-macOS */ = {
			isa = PBXNativeTarget;
			buildConfigurationList = 1853FD4921A7020E001B6D45 /* Build configuration list for PBXNativeTarget "PeakCoreData-macOS" */;
			buildPhases = (
				1853FD3321A7020E001B6D45 /* Headers */,
				1853FD3421A7020E001B6D45 /* Sources */,
				1853FD3521A7020E001B6D45 /* Frameworks */,
				1853FD3621A7020E001B6D45 /* Resources */,
			);
			buildRules = (
			);
			dependencies = (
			);
			name = "PeakCoreData-macOS";
			productName = PeakCoreData;
			productReference = 1853FD3821A7020E001B6D45 /* PeakCoreData_macOS.framework */;
			productType = "com.apple.product-type.framework";
		};
		1853FD3F21A7020E001B6D45 /* PeakCoreData-macOSTests */ = {
			isa = PBXNativeTarget;
			buildConfigurationList = 1853FD4C21A7020E001B6D45 /* Build configuration list for PBXNativeTarget "PeakCoreData-macOSTests" */;
			buildPhases = (
				1853FD3C21A7020E001B6D45 /* Sources */,
				1853FD3D21A7020E001B6D45 /* Frameworks */,
				1853FD3E21A7020E001B6D45 /* Resources */,
			);
			buildRules = (
			);
			dependencies = (
				1853FD4321A7020E001B6D45 /* PBXTargetDependency */,
			);
			name = "PeakCoreData-macOSTests";
			productName = PeakCoreDataTests;
			productReference = 1853FD4021A7020E001B6D45 /* PeakCoreData_macOSTests.xctest */;
			productType = "com.apple.product-type.bundle.unit-test";
		};
		8D9797DA1DF8138100DAB75A /* PeakCoreData-iOS */ = {
			isa = PBXNativeTarget;
			buildConfigurationList = 8D9797EF1DF8138100DAB75A /* Build configuration list for PBXNativeTarget "PeakCoreData-iOS" */;
			buildPhases = (
				174E1C0DF8C41B2E4C9FE39B /* [CP] Check Pods Manifest.lock */,
				8D9797D61DF8138100DAB75A /* Sources */,
				8D9797D71DF8138100DAB75A /* Frameworks */,
				8D9797D81DF8138100DAB75A /* Headers */,
				8D9797D91DF8138100DAB75A /* Resources */,
			);
			buildRules = (
			);
			dependencies = (
			);
			name = "PeakCoreData-iOS";
			productName = THRCoreData;
			productReference = 8D9797DB1DF8138100DAB75A /* PeakCoreData_iOS.framework */;
			productType = "com.apple.product-type.framework";
		};
		8D9797E31DF8138100DAB75A /* PeakCoreData-iOSTests */ = {
			isa = PBXNativeTarget;
			buildConfigurationList = 8D9797F21DF8138100DAB75A /* Build configuration list for PBXNativeTarget "PeakCoreData-iOSTests" */;
			buildPhases = (
				F47EEA9569966FF7DEE02C6D /* [CP] Check Pods Manifest.lock */,
				8D9797E01DF8138100DAB75A /* Sources */,
				8D9797E11DF8138100DAB75A /* Frameworks */,
				8D9797E21DF8138100DAB75A /* Resources */,
				D2E8D86DAD84747A65F17DFF /* [CP] Embed Pods Frameworks */,
			);
			buildRules = (
			);
			dependencies = (
				8D9797E71DF8138100DAB75A /* PBXTargetDependency */,
			);
			name = "PeakCoreData-iOSTests";
			productName = THRCoreDataTests;
			productReference = 8D9797E41DF8138100DAB75A /* PeakCoreData_iOSTests.xctest */;
			productType = "com.apple.product-type.bundle.unit-test";
		};
/* End PBXNativeTarget section */

/* Begin PBXProject section */
		8D9797D21DF8138100DAB75A /* Project object */ = {
			isa = PBXProject;
			attributes = {
				LastSwiftUpdateCheck = 1010;
				LastUpgradeCheck = 0930;
				ORGANIZATIONNAME = "3Squared Ltd";
				TargetAttributes = {
					1853FD3721A7020E001B6D45 = {
						CreatedOnToolsVersion = 10.1;
						ProvisioningStyle = Automatic;
					};
					1853FD3F21A7020E001B6D45 = {
						CreatedOnToolsVersion = 10.1;
						ProvisioningStyle = Automatic;
					};
					8D9797DA1DF8138100DAB75A = {
						CreatedOnToolsVersion = 8.1;
						DevelopmentTeam = VPQ4FHFFW8;
						LastSwiftMigration = 1000;
						ProvisioningStyle = Automatic;
					};
					8D9797E31DF8138100DAB75A = {
						CreatedOnToolsVersion = 8.1;
						DevelopmentTeam = VPQ4FHFFW8;
						LastSwiftMigration = 1000;
						ProvisioningStyle = Automatic;
					};
				};
			};
			buildConfigurationList = 8D9797D51DF8138100DAB75A /* Build configuration list for PBXProject "PeakCoreData" */;
			compatibilityVersion = "Xcode 3.2";
			developmentRegion = English;
			hasScannedForEncodings = 0;
			knownRegions = (
				en,
			);
			mainGroup = 8D9797D11DF8138100DAB75A;
			productRefGroup = 8D9797DC1DF8138100DAB75A /* Products */;
			projectDirPath = "";
			projectRoot = "";
			targets = (
				8D9797DA1DF8138100DAB75A /* PeakCoreData-iOS */,
				8D9797E31DF8138100DAB75A /* PeakCoreData-iOSTests */,
				1853FD3721A7020E001B6D45 /* PeakCoreData-macOS */,
				1853FD3F21A7020E001B6D45 /* PeakCoreData-macOSTests */,
			);
		};
/* End PBXProject section */

/* Begin PBXResourcesBuildPhase section */
		1853FD3621A7020E001B6D45 /* Resources */ = {
			isa = PBXResourcesBuildPhase;
			buildActionMask = 2147483647;
			files = (
			);
			runOnlyForDeploymentPostprocessing = 0;
		};
		1853FD3E21A7020E001B6D45 /* Resources */ = {
			isa = PBXResourcesBuildPhase;
			buildActionMask = 2147483647;
			files = (
			);
			runOnlyForDeploymentPostprocessing = 0;
		};
		8D9797D91DF8138100DAB75A /* Resources */ = {
			isa = PBXResourcesBuildPhase;
			buildActionMask = 2147483647;
			files = (
			);
			runOnlyForDeploymentPostprocessing = 0;
		};
		8D9797E21DF8138100DAB75A /* Resources */ = {
			isa = PBXResourcesBuildPhase;
			buildActionMask = 2147483647;
			files = (
			);
			runOnlyForDeploymentPostprocessing = 0;
		};
/* End PBXResourcesBuildPhase section */

/* Begin PBXShellScriptBuildPhase section */
		174E1C0DF8C41B2E4C9FE39B /* [CP] Check Pods Manifest.lock */ = {
			isa = PBXShellScriptBuildPhase;
			buildActionMask = 2147483647;
			files = (
			);
			inputPaths = (
				"${PODS_PODFILE_DIR_PATH}/Podfile.lock",
				"${PODS_ROOT}/Manifest.lock",
			);
			name = "[CP] Check Pods Manifest.lock";
			outputPaths = (
				"$(DERIVED_FILE_DIR)/Pods-PeakCoreData-checkManifestLockResult.txt",
			);
			runOnlyForDeploymentPostprocessing = 0;
			shellPath = /bin/sh;
			shellScript = "diff \"${PODS_PODFILE_DIR_PATH}/Podfile.lock\" \"${PODS_ROOT}/Manifest.lock\" > /dev/null\nif [ $? != 0 ] ; then\n    # print error to STDERR\n    echo \"error: The sandbox is not in sync with the Podfile.lock. Run 'pod install' or update your CocoaPods installation.\" >&2\n    exit 1\nfi\n# This output is used by Xcode 'outputs' to avoid re-running this script phase.\necho \"SUCCESS\" > \"${SCRIPT_OUTPUT_FILE_0}\"\n";
			showEnvVarsInLog = 0;
		};
		D2E8D86DAD84747A65F17DFF /* [CP] Embed Pods Frameworks */ = {
			isa = PBXShellScriptBuildPhase;
			buildActionMask = 2147483647;
			files = (
			);
			inputPaths = (
				"${SRCROOT}/Pods/Target Support Files/Pods-PeakCoreDataTests/Pods-PeakCoreDataTests-frameworks.sh",
				"${BUILT_PRODUCTS_DIR}/PeakOperation/PeakOperation.framework",
				"${BUILT_PRODUCTS_DIR}/PeakResult/PeakResult.framework",
			);
			name = "[CP] Embed Pods Frameworks";
			outputPaths = (
				"${TARGET_BUILD_DIR}/${FRAMEWORKS_FOLDER_PATH}/PeakOperation.framework",
				"${TARGET_BUILD_DIR}/${FRAMEWORKS_FOLDER_PATH}/PeakResult.framework",
			);
			runOnlyForDeploymentPostprocessing = 0;
			shellPath = /bin/sh;
			shellScript = "\"${SRCROOT}/Pods/Target Support Files/Pods-PeakCoreDataTests/Pods-PeakCoreDataTests-frameworks.sh\"\n";
			showEnvVarsInLog = 0;
		};
		F47EEA9569966FF7DEE02C6D /* [CP] Check Pods Manifest.lock */ = {
			isa = PBXShellScriptBuildPhase;
			buildActionMask = 2147483647;
			files = (
			);
			inputPaths = (
				"${PODS_PODFILE_DIR_PATH}/Podfile.lock",
				"${PODS_ROOT}/Manifest.lock",
			);
			name = "[CP] Check Pods Manifest.lock";
			outputPaths = (
				"$(DERIVED_FILE_DIR)/Pods-PeakCoreDataTests-checkManifestLockResult.txt",
			);
			runOnlyForDeploymentPostprocessing = 0;
			shellPath = /bin/sh;
			shellScript = "diff \"${PODS_PODFILE_DIR_PATH}/Podfile.lock\" \"${PODS_ROOT}/Manifest.lock\" > /dev/null\nif [ $? != 0 ] ; then\n    # print error to STDERR\n    echo \"error: The sandbox is not in sync with the Podfile.lock. Run 'pod install' or update your CocoaPods installation.\" >&2\n    exit 1\nfi\n# This output is used by Xcode 'outputs' to avoid re-running this script phase.\necho \"SUCCESS\" > \"${SCRIPT_OUTPUT_FILE_0}\"\n";
			showEnvVarsInLog = 0;
		};
/* End PBXShellScriptBuildPhase section */

/* Begin PBXSourcesBuildPhase section */
		1853FD3421A7020E001B6D45 /* Sources */ = {
			isa = PBXSourcesBuildPhase;
			buildActionMask = 2147483647;
			files = (
			);
			runOnlyForDeploymentPostprocessing = 0;
		};
		1853FD3C21A7020E001B6D45 /* Sources */ = {
			isa = PBXSourcesBuildPhase;
			buildActionMask = 2147483647;
			files = (
				1853FD9D21A80528001B6D45 /* ManagedObjectTypeTests.swift in Sources */,
				1853FD9921A80528001B6D45 /* CoreDataTests.swift in Sources */,
				1853FD9B21A80528001B6D45 /* FetchedCollectionTests.swift in Sources */,
				1853FD9821A80528001B6D45 /* AnotherEntity.swift in Sources */,
				1853FDA221A8052B001B6D45 /* TestModel.xcdatamodeld in Sources */,
				1853FDA021A80528001B6D45 /* TestEntity.swift in Sources */,
				1853FDA121A80528001B6D45 /* TestEntity+JSON.swift in Sources */,
				1853FD9A21A80528001B6D45 /* CountObserverTests.swift in Sources */,
				1853FD9C21A80528001B6D45 /* ManagedObjectObserverTests.swift in Sources */,
				1853FD9E21A80528001B6D45 /* OperationTests.swift in Sources */,
			);
			runOnlyForDeploymentPostprocessing = 0;
		};
		8D9797D61DF8138100DAB75A /* Sources */ = {
			isa = PBXSourcesBuildPhase;
			buildActionMask = 2147483647;
			files = (
				CBF972BB1E5DEF2100F37801 /* ManagedObjectUpdatable.swift in Sources */,
				8DFAC1111F79274B0015EDC0 /* Changeset.swift in Sources */,
				8D159B00205C01EE004D693A /* ContextDidSaveNotification.swift in Sources */,
				8DDAE2992056E113001D7521 /* CoreDataChangesetOperation.swift in Sources */,
				CBF972B51E5DEEFC00F37801 /* PersistentContainerSettable.swift in Sources */,
				CBF972B21E5DEE8700F37801 /* ManagedObjectType.swift in Sources */,
				8DFAC10F1F7918420015EDC0 /* CoreDataSingleImportOperation.swift in Sources */,
				8D6B966F20501D87003D20C0 /* FetchedTableViewDataSource.swift in Sources */,
				CBF972BE1E5DEF2900F37801 /* CoreDataBatchImportOperation.swift in Sources */,
				8D05BE6D2051518B00DE93AC /* FetchedDataProvider.swift in Sources */,
				8D821933205ACEAE00732777 /* CountObserver.swift in Sources */,
				CBF972A51E5DEE6D00F37801 /* CoreDataOperation.swift in Sources */,
				8D821931205AC7CA00732777 /* ObjectDidChangeNotification.swift in Sources */,
				CB13D8DE2058351C008B3678 /* FetchedCollection.swift in Sources */,
				CBF972B31E5DEE8700F37801 /* UniqueIdentifiable.swift in Sources */,
				8DB3C03F2050208400AE66DD /* FetchedCollectionViewDataSource.swift in Sources */,
				8DFD6D66205A82F6008CFD28 /* ManagedObjectObserver.swift in Sources */,
			);
			runOnlyForDeploymentPostprocessing = 0;
		};
		8D9797E01DF8138100DAB75A /* Sources */ = {
			isa = PBXSourcesBuildPhase;
			buildActionMask = 2147483647;
			files = (
				1853FD9321A80528001B6D45 /* ManagedObjectTypeTests.swift in Sources */,
				1853FD8F21A80528001B6D45 /* CoreDataTests.swift in Sources */,
				1853FD9121A80528001B6D45 /* FetchedCollectionTests.swift in Sources */,
				1853FD8E21A80528001B6D45 /* AnotherEntity.swift in Sources */,
				1853FDA321A8052C001B6D45 /* TestModel.xcdatamodeld in Sources */,
				1853FD9621A80528001B6D45 /* TestEntity.swift in Sources */,
				1853FD9721A80528001B6D45 /* TestEntity+JSON.swift in Sources */,
				1853FD9021A80528001B6D45 /* CountObserverTests.swift in Sources */,
				1853FD9221A80528001B6D45 /* ManagedObjectObserverTests.swift in Sources */,
				1853FD9421A80528001B6D45 /* OperationTests.swift in Sources */,
			);
			runOnlyForDeploymentPostprocessing = 0;
		};
/* End PBXSourcesBuildPhase section */

/* Begin PBXTargetDependency section */
		1853FD4321A7020E001B6D45 /* PBXTargetDependency */ = {
			isa = PBXTargetDependency;
			target = 1853FD3721A7020E001B6D45 /* PeakCoreData-macOS */;
			targetProxy = 1853FD4221A7020E001B6D45 /* PBXContainerItemProxy */;
		};
		8D9797E71DF8138100DAB75A /* PBXTargetDependency */ = {
			isa = PBXTargetDependency;
			target = 8D9797DA1DF8138100DAB75A /* PeakCoreData-iOS */;
			targetProxy = 8D9797E61DF8138100DAB75A /* PBXContainerItemProxy */;
		};
/* End PBXTargetDependency section */

/* Begin XCBuildConfiguration section */
		1853FD4A21A7020E001B6D45 /* Debug */ = {
			isa = XCBuildConfiguration;
			buildSettings = {
				CLANG_ANALYZER_NUMBER_OBJECT_CONVERSION = YES_AGGRESSIVE;
				CLANG_CXX_LANGUAGE_STANDARD = "gnu++14";
				CLANG_ENABLE_OBJC_WEAK = YES;
				CLANG_WARN_UNGUARDED_AVAILABILITY = YES_AGGRESSIVE;
				CODE_SIGN_IDENTITY = "-";
				CODE_SIGN_STYLE = Automatic;
				COMBINE_HIDPI_IMAGES = YES;
				DEFINES_MODULE = YES;
				DYLIB_COMPATIBILITY_VERSION = 1;
				DYLIB_CURRENT_VERSION = 1;
				DYLIB_INSTALL_NAME_BASE = "@rpath";
				FRAMEWORK_VERSION = A;
				GCC_C_LANGUAGE_STANDARD = gnu11;
				INFOPLIST_FILE = PeakCoreData/Platforms/macOS/Info.plist;
				INSTALL_PATH = "$(LOCAL_LIBRARY_DIR)/Frameworks";
				LD_RUNPATH_SEARCH_PATHS = "$(inherited) @executable_path/../Frameworks @loader_path/Frameworks";
				MACOSX_DEPLOYMENT_TARGET = 10.14;
				MTL_ENABLE_DEBUG_INFO = INCLUDE_SOURCE;
				MTL_FAST_MATH = YES;
				PRODUCT_BUNDLE_IDENTIFIER = "com.3squared.PeakCoreData-macOS";
				PRODUCT_NAME = "$(TARGET_NAME:c99extidentifier)";
				SDKROOT = macosx;
				SKIP_INSTALL = YES;
				SWIFT_VERSION = 4.2;
			};
			name = Debug;
		};
		1853FD4B21A7020E001B6D45 /* Release */ = {
			isa = XCBuildConfiguration;
			buildSettings = {
				CLANG_ANALYZER_NUMBER_OBJECT_CONVERSION = YES_AGGRESSIVE;
				CLANG_CXX_LANGUAGE_STANDARD = "gnu++14";
				CLANG_ENABLE_OBJC_WEAK = YES;
				CLANG_WARN_UNGUARDED_AVAILABILITY = YES_AGGRESSIVE;
				CODE_SIGN_IDENTITY = "-";
				CODE_SIGN_STYLE = Automatic;
				COMBINE_HIDPI_IMAGES = YES;
				DEFINES_MODULE = YES;
				DYLIB_COMPATIBILITY_VERSION = 1;
				DYLIB_CURRENT_VERSION = 1;
				DYLIB_INSTALL_NAME_BASE = "@rpath";
				FRAMEWORK_VERSION = A;
				GCC_C_LANGUAGE_STANDARD = gnu11;
				INFOPLIST_FILE = PeakCoreData/Platforms/macOS/Info.plist;
				INSTALL_PATH = "$(LOCAL_LIBRARY_DIR)/Frameworks";
				LD_RUNPATH_SEARCH_PATHS = "$(inherited) @executable_path/../Frameworks @loader_path/Frameworks";
				MACOSX_DEPLOYMENT_TARGET = 10.14;
				MTL_FAST_MATH = YES;
				PRODUCT_BUNDLE_IDENTIFIER = "com.3squared.PeakCoreData-macOS";
				PRODUCT_NAME = "$(TARGET_NAME:c99extidentifier)";
				SDKROOT = macosx;
				SKIP_INSTALL = YES;
				SWIFT_VERSION = 4.2;
			};
			name = Release;
		};
		1853FD4D21A7020E001B6D45 /* Debug */ = {
			isa = XCBuildConfiguration;
			buildSettings = {
				CLANG_ANALYZER_NUMBER_OBJECT_CONVERSION = YES_AGGRESSIVE;
				CLANG_CXX_LANGUAGE_STANDARD = "gnu++14";
				CLANG_ENABLE_OBJC_WEAK = YES;
				CLANG_WARN_UNGUARDED_AVAILABILITY = YES_AGGRESSIVE;
				CODE_SIGN_IDENTITY = "-";
				CODE_SIGN_STYLE = Automatic;
				COMBINE_HIDPI_IMAGES = YES;
				GCC_C_LANGUAGE_STANDARD = gnu11;
				INFOPLIST_FILE = "Unit Tests/Platforms/macOS/Info.plist";
				LD_RUNPATH_SEARCH_PATHS = "$(inherited) @executable_path/../Frameworks @loader_path/../Frameworks";
				MACOSX_DEPLOYMENT_TARGET = 10.14;
				MTL_ENABLE_DEBUG_INFO = INCLUDE_SOURCE;
				MTL_FAST_MATH = YES;
				PRODUCT_BUNDLE_IDENTIFIER = "com.3squared.PeakCoreData-macOSTests";
				PRODUCT_NAME = "$(TARGET_NAME:c99extidentifier)";
				SDKROOT = macosx;
				SWIFT_VERSION = 4.2;
			};
			name = Debug;
		};
		1853FD4E21A7020E001B6D45 /* Release */ = {
			isa = XCBuildConfiguration;
			buildSettings = {
				CLANG_ANALYZER_NUMBER_OBJECT_CONVERSION = YES_AGGRESSIVE;
				CLANG_CXX_LANGUAGE_STANDARD = "gnu++14";
				CLANG_ENABLE_OBJC_WEAK = YES;
				CLANG_WARN_UNGUARDED_AVAILABILITY = YES_AGGRESSIVE;
				CODE_SIGN_IDENTITY = "-";
				CODE_SIGN_STYLE = Automatic;
				COMBINE_HIDPI_IMAGES = YES;
				GCC_C_LANGUAGE_STANDARD = gnu11;
				INFOPLIST_FILE = "Unit Tests/Platforms/macOS/Info.plist";
				LD_RUNPATH_SEARCH_PATHS = "$(inherited) @executable_path/../Frameworks @loader_path/../Frameworks";
				MACOSX_DEPLOYMENT_TARGET = 10.14;
				MTL_FAST_MATH = YES;
				PRODUCT_BUNDLE_IDENTIFIER = "com.3squared.PeakCoreData-macOSTests";
				PRODUCT_NAME = "$(TARGET_NAME:c99extidentifier)";
				SDKROOT = macosx;
				SWIFT_VERSION = 4.2;
			};
			name = Release;
		};
		8D9797ED1DF8138100DAB75A /* Debug */ = {
			isa = XCBuildConfiguration;
			buildSettings = {
				ALWAYS_SEARCH_USER_PATHS = NO;
				CLANG_ANALYZER_NONNULL = YES;
				CLANG_CXX_LANGUAGE_STANDARD = "gnu++0x";
				CLANG_CXX_LIBRARY = "libc++";
				CLANG_ENABLE_MODULES = YES;
				CLANG_ENABLE_OBJC_ARC = YES;
				CLANG_WARN_BLOCK_CAPTURE_AUTORELEASING = YES;
				CLANG_WARN_BOOL_CONVERSION = YES;
				CLANG_WARN_COMMA = YES;
				CLANG_WARN_CONSTANT_CONVERSION = YES;
				CLANG_WARN_DEPRECATED_OBJC_IMPLEMENTATIONS = YES;
				CLANG_WARN_DIRECT_OBJC_ISA_USAGE = YES_ERROR;
				CLANG_WARN_DOCUMENTATION_COMMENTS = YES;
				CLANG_WARN_EMPTY_BODY = YES;
				CLANG_WARN_ENUM_CONVERSION = YES;
				CLANG_WARN_INFINITE_RECURSION = YES;
				CLANG_WARN_INT_CONVERSION = YES;
				CLANG_WARN_NON_LITERAL_NULL_CONVERSION = YES;
				CLANG_WARN_OBJC_IMPLICIT_RETAIN_SELF = YES;
				CLANG_WARN_OBJC_LITERAL_CONVERSION = YES;
				CLANG_WARN_OBJC_ROOT_CLASS = YES_ERROR;
				CLANG_WARN_RANGE_LOOP_ANALYSIS = YES;
				CLANG_WARN_STRICT_PROTOTYPES = YES;
				CLANG_WARN_SUSPICIOUS_MOVE = YES;
				CLANG_WARN_SUSPICIOUS_MOVES = YES;
				CLANG_WARN_UNREACHABLE_CODE = YES;
				CLANG_WARN__DUPLICATE_METHOD_MATCH = YES;
				"CODE_SIGN_IDENTITY[sdk=iphoneos*]" = "iPhone Developer";
				COPY_PHASE_STRIP = NO;
				CURRENT_PROJECT_VERSION = 1;
				DEBUG_INFORMATION_FORMAT = dwarf;
				ENABLE_STRICT_OBJC_MSGSEND = YES;
				ENABLE_TESTABILITY = YES;
				GCC_C_LANGUAGE_STANDARD = gnu99;
				GCC_DYNAMIC_NO_PIC = NO;
				GCC_NO_COMMON_BLOCKS = YES;
				GCC_OPTIMIZATION_LEVEL = 0;
				GCC_PREPROCESSOR_DEFINITIONS = (
					"DEBUG=1",
					"$(inherited)",
				);
				GCC_WARN_64_TO_32_BIT_CONVERSION = YES;
				GCC_WARN_ABOUT_RETURN_TYPE = YES_ERROR;
				GCC_WARN_UNDECLARED_SELECTOR = YES;
				GCC_WARN_UNINITIALIZED_AUTOS = YES_AGGRESSIVE;
				GCC_WARN_UNUSED_FUNCTION = YES;
				GCC_WARN_UNUSED_VARIABLE = YES;
				IPHONEOS_DEPLOYMENT_TARGET = 10.0;
				MTL_ENABLE_DEBUG_INFO = YES;
				ONLY_ACTIVE_ARCH = YES;
				SDKROOT = iphoneos;
				SWIFT_ACTIVE_COMPILATION_CONDITIONS = DEBUG;
				SWIFT_OPTIMIZATION_LEVEL = "-Onone";
				TARGETED_DEVICE_FAMILY = "1,2";
				VERSIONING_SYSTEM = "apple-generic";
				VERSION_INFO_PREFIX = "";
			};
			name = Debug;
		};
		8D9797EE1DF8138100DAB75A /* Release */ = {
			isa = XCBuildConfiguration;
			buildSettings = {
				ALWAYS_SEARCH_USER_PATHS = NO;
				CLANG_ANALYZER_NONNULL = YES;
				CLANG_CXX_LANGUAGE_STANDARD = "gnu++0x";
				CLANG_CXX_LIBRARY = "libc++";
				CLANG_ENABLE_MODULES = YES;
				CLANG_ENABLE_OBJC_ARC = YES;
				CLANG_WARN_BLOCK_CAPTURE_AUTORELEASING = YES;
				CLANG_WARN_BOOL_CONVERSION = YES;
				CLANG_WARN_COMMA = YES;
				CLANG_WARN_CONSTANT_CONVERSION = YES;
				CLANG_WARN_DEPRECATED_OBJC_IMPLEMENTATIONS = YES;
				CLANG_WARN_DIRECT_OBJC_ISA_USAGE = YES_ERROR;
				CLANG_WARN_DOCUMENTATION_COMMENTS = YES;
				CLANG_WARN_EMPTY_BODY = YES;
				CLANG_WARN_ENUM_CONVERSION = YES;
				CLANG_WARN_INFINITE_RECURSION = YES;
				CLANG_WARN_INT_CONVERSION = YES;
				CLANG_WARN_NON_LITERAL_NULL_CONVERSION = YES;
				CLANG_WARN_OBJC_IMPLICIT_RETAIN_SELF = YES;
				CLANG_WARN_OBJC_LITERAL_CONVERSION = YES;
				CLANG_WARN_OBJC_ROOT_CLASS = YES_ERROR;
				CLANG_WARN_RANGE_LOOP_ANALYSIS = YES;
				CLANG_WARN_STRICT_PROTOTYPES = YES;
				CLANG_WARN_SUSPICIOUS_MOVE = YES;
				CLANG_WARN_SUSPICIOUS_MOVES = YES;
				CLANG_WARN_UNREACHABLE_CODE = YES;
				CLANG_WARN__DUPLICATE_METHOD_MATCH = YES;
				"CODE_SIGN_IDENTITY[sdk=iphoneos*]" = "iPhone Developer";
				COPY_PHASE_STRIP = NO;
				CURRENT_PROJECT_VERSION = 1;
				DEBUG_INFORMATION_FORMAT = "dwarf-with-dsym";
				ENABLE_NS_ASSERTIONS = NO;
				ENABLE_STRICT_OBJC_MSGSEND = YES;
				GCC_C_LANGUAGE_STANDARD = gnu99;
				GCC_NO_COMMON_BLOCKS = YES;
				GCC_WARN_64_TO_32_BIT_CONVERSION = YES;
				GCC_WARN_ABOUT_RETURN_TYPE = YES_ERROR;
				GCC_WARN_UNDECLARED_SELECTOR = YES;
				GCC_WARN_UNINITIALIZED_AUTOS = YES_AGGRESSIVE;
				GCC_WARN_UNUSED_FUNCTION = YES;
				GCC_WARN_UNUSED_VARIABLE = YES;
				IPHONEOS_DEPLOYMENT_TARGET = 10.0;
				MTL_ENABLE_DEBUG_INFO = NO;
				SDKROOT = iphoneos;
				SWIFT_OPTIMIZATION_LEVEL = "-Owholemodule";
				TARGETED_DEVICE_FAMILY = "1,2";
				VALIDATE_PRODUCT = YES;
				VERSIONING_SYSTEM = "apple-generic";
				VERSION_INFO_PREFIX = "";
			};
			name = Release;
		};
		8D9797F01DF8138100DAB75A /* Debug */ = {
			isa = XCBuildConfiguration;
			baseConfigurationReference = DAC0D3C03C9FDAFE479F57F3 /* Pods-PeakCoreData.debug.xcconfig */;
			buildSettings = {
				CLANG_ENABLE_MODULES = YES;
				CODE_SIGN_IDENTITY = "";
				DEFINES_MODULE = YES;
				DEVELOPMENT_TEAM = VPQ4FHFFW8;
				DYLIB_COMPATIBILITY_VERSION = 1;
				DYLIB_CURRENT_VERSION = 1;
				DYLIB_INSTALL_NAME_BASE = "@rpath";
				INFOPLIST_FILE = PeakCoreData/Platforms/iOS/Info.plist;
				INSTALL_PATH = "$(LOCAL_LIBRARY_DIR)/Frameworks";
				IPHONEOS_DEPLOYMENT_TARGET = 10.0;
				LD_RUNPATH_SEARCH_PATHS = "$(inherited) @executable_path/Frameworks @loader_path/Frameworks";
				PRODUCT_BUNDLE_IDENTIFIER = "com.3squared.PeakCoreData-iOS";
				PRODUCT_NAME = "$(TARGET_NAME:c99extidentifier)";
				SKIP_INSTALL = YES;
				SWIFT_OPTIMIZATION_LEVEL = "-Onone";
				SWIFT_VERSION = 4.2;
			};
			name = Debug;
		};
		8D9797F11DF8138100DAB75A /* Release */ = {
			isa = XCBuildConfiguration;
			baseConfigurationReference = 694BDD5F23B0917B776ABDE8 /* Pods-PeakCoreData.release.xcconfig */;
			buildSettings = {
				CLANG_ENABLE_MODULES = YES;
				CODE_SIGN_IDENTITY = "";
				DEFINES_MODULE = YES;
				DEVELOPMENT_TEAM = VPQ4FHFFW8;
				DYLIB_COMPATIBILITY_VERSION = 1;
				DYLIB_CURRENT_VERSION = 1;
				DYLIB_INSTALL_NAME_BASE = "@rpath";
				INFOPLIST_FILE = PeakCoreData/Platforms/iOS/Info.plist;
				INSTALL_PATH = "$(LOCAL_LIBRARY_DIR)/Frameworks";
				IPHONEOS_DEPLOYMENT_TARGET = 10.0;
				LD_RUNPATH_SEARCH_PATHS = "$(inherited) @executable_path/Frameworks @loader_path/Frameworks";
				PRODUCT_BUNDLE_IDENTIFIER = "com.3squared.PeakCoreData-iOS";
				PRODUCT_NAME = "$(TARGET_NAME:c99extidentifier)";
				SKIP_INSTALL = YES;
				SWIFT_VERSION = 4.2;
			};
			name = Release;
		};
		8D9797F31DF8138100DAB75A /* Debug */ = {
			isa = XCBuildConfiguration;
			baseConfigurationReference = 2922F3C57EE33341E8C70A53 /* Pods-PeakCoreDataTests.debug.xcconfig */;
			buildSettings = {
				DEVELOPMENT_TEAM = VPQ4FHFFW8;
				INFOPLIST_FILE = "Unit Tests/Platforms/iOS/Info.plist";
				LD_RUNPATH_SEARCH_PATHS = "$(inherited) @executable_path/Frameworks @loader_path/Frameworks";
				PRODUCT_BUNDLE_IDENTIFIER = "com.3squared.PeakCoreData-iOSTests";
				PRODUCT_NAME = "$(TARGET_NAME:c99extidentifier)";
				SWIFT_VERSION = 4.2;
			};
			name = Debug;
		};
		8D9797F41DF8138100DAB75A /* Release */ = {
			isa = XCBuildConfiguration;
			baseConfigurationReference = C0A3AEC430E4B051590F505B /* Pods-PeakCoreDataTests.release.xcconfig */;
			buildSettings = {
				DEVELOPMENT_TEAM = VPQ4FHFFW8;
				INFOPLIST_FILE = "Unit Tests/Platforms/iOS/Info.plist";
				LD_RUNPATH_SEARCH_PATHS = "$(inherited) @executable_path/Frameworks @loader_path/Frameworks";
				PRODUCT_BUNDLE_IDENTIFIER = "com.3squared.PeakCoreData-iOSTests";
				PRODUCT_NAME = "$(TARGET_NAME:c99extidentifier)";
				SWIFT_VERSION = 4.2;
			};
			name = Release;
		};
/* End XCBuildConfiguration section */

/* Begin XCConfigurationList section */
		1853FD4921A7020E001B6D45 /* Build configuration list for PBXNativeTarget "PeakCoreData-macOS" */ = {
			isa = XCConfigurationList;
			buildConfigurations = (
				1853FD4A21A7020E001B6D45 /* Debug */,
				1853FD4B21A7020E001B6D45 /* Release */,
			);
			defaultConfigurationIsVisible = 0;
			defaultConfigurationName = Release;
		};
		1853FD4C21A7020E001B6D45 /* Build configuration list for PBXNativeTarget "PeakCoreData-macOSTests" */ = {
			isa = XCConfigurationList;
			buildConfigurations = (
				1853FD4D21A7020E001B6D45 /* Debug */,
				1853FD4E21A7020E001B6D45 /* Release */,
			);
			defaultConfigurationIsVisible = 0;
			defaultConfigurationName = Release;
		};
		8D9797D51DF8138100DAB75A /* Build configuration list for PBXProject "PeakCoreData" */ = {
			isa = XCConfigurationList;
			buildConfigurations = (
				8D9797ED1DF8138100DAB75A /* Debug */,
				8D9797EE1DF8138100DAB75A /* Release */,
			);
			defaultConfigurationIsVisible = 0;
			defaultConfigurationName = Release;
		};
		8D9797EF1DF8138100DAB75A /* Build configuration list for PBXNativeTarget "PeakCoreData-iOS" */ = {
			isa = XCConfigurationList;
			buildConfigurations = (
				8D9797F01DF8138100DAB75A /* Debug */,
				8D9797F11DF8138100DAB75A /* Release */,
			);
			defaultConfigurationIsVisible = 0;
			defaultConfigurationName = Release;
		};
		8D9797F21DF8138100DAB75A /* Build configuration list for PBXNativeTarget "PeakCoreData-iOSTests" */ = {
			isa = XCConfigurationList;
			buildConfigurations = (
				8D9797F31DF8138100DAB75A /* Debug */,
				8D9797F41DF8138100DAB75A /* Release */,
			);
			defaultConfigurationIsVisible = 0;
			defaultConfigurationName = Release;
		};
/* End XCConfigurationList section */

/* Begin XCVersionGroup section */
		1853FD6A21A70759001B6D45 /* TestModel.xcdatamodeld */ = {
			isa = XCVersionGroup;
			children = (
				1853FD6B21A70759001B6D45 /* TestModel.xcdatamodel */,
			);
			currentVersion = 1853FD6B21A70759001B6D45 /* TestModel.xcdatamodel */;
			path = TestModel.xcdatamodeld;
			sourceTree = "<group>";
			versionGroupType = wrapper.xcdatamodel;
		};
/* End XCVersionGroup section */
	};
	rootObject = 8D9797D21DF8138100DAB75A /* Project object */;
}
