// !$*UTF8*$!
{
	archiveVersion = 1;
	classes = {
	};
	objectVersion = 46;
	objects = {

/* Begin PBXBuildFile section */
		186D30F422CB602E003A5A8F /* PeakCoreData_macOS.framework in Frameworks */ = {isa = PBXBuildFile; fileRef = 186D30E322CB5F18003A5A8F /* PeakCoreData_macOS.framework */; };
		186D310922CB64F5003A5A8F /* CoreDataTests.swift in Sources */ = {isa = PBXBuildFile; fileRef = 186D310822CB6154003A5A8F /* CoreDataTests.swift */; };
		186D310A22CB64F5003A5A8F /* CountObserverTests.swift in Sources */ = {isa = PBXBuildFile; fileRef = 186D310722CB6154003A5A8F /* CountObserverTests.swift */; };
		186D310B22CB64F5003A5A8F /* FetchedCollectionTests.swift in Sources */ = {isa = PBXBuildFile; fileRef = 186D310622CB6154003A5A8F /* FetchedCollectionTests.swift */; };
		186D310C22CB64F5003A5A8F /* ManagedObjectContextTests.swift in Sources */ = {isa = PBXBuildFile; fileRef = 186D310322CB6154003A5A8F /* ManagedObjectContextTests.swift */; };
		186D310D22CB64F5003A5A8F /* ManagedObjectObserverTests.swift in Sources */ = {isa = PBXBuildFile; fileRef = 186D310222CB6154003A5A8F /* ManagedObjectObserverTests.swift */; };
		186D310E22CB64F5003A5A8F /* ManagedObjectTypeTests.swift in Sources */ = {isa = PBXBuildFile; fileRef = 186D310022CB6154003A5A8F /* ManagedObjectTypeTests.swift */; };
		186D310F22CB64F5003A5A8F /* OperationTests.swift in Sources */ = {isa = PBXBuildFile; fileRef = 186D310522CB6154003A5A8F /* OperationTests.swift */; };
		186D311022CB64F5003A5A8F /* PredicateTests.swift in Sources */ = {isa = PBXBuildFile; fileRef = 186D310122CB6154003A5A8F /* PredicateTests.swift */; };
		186D311122CB64F5003A5A8F /* ProgressTests.swift in Sources */ = {isa = PBXBuildFile; fileRef = 186D310422CB6154003A5A8F /* ProgressTests.swift */; };
		186D311222CB64F6003A5A8F /* CoreDataTests.swift in Sources */ = {isa = PBXBuildFile; fileRef = 186D310822CB6154003A5A8F /* CoreDataTests.swift */; };
		186D311322CB64F6003A5A8F /* CountObserverTests.swift in Sources */ = {isa = PBXBuildFile; fileRef = 186D310722CB6154003A5A8F /* CountObserverTests.swift */; };
		186D311422CB64F6003A5A8F /* FetchedCollectionTests.swift in Sources */ = {isa = PBXBuildFile; fileRef = 186D310622CB6154003A5A8F /* FetchedCollectionTests.swift */; };
		186D311522CB64F6003A5A8F /* ManagedObjectContextTests.swift in Sources */ = {isa = PBXBuildFile; fileRef = 186D310322CB6154003A5A8F /* ManagedObjectContextTests.swift */; };
		186D311622CB64F6003A5A8F /* ManagedObjectObserverTests.swift in Sources */ = {isa = PBXBuildFile; fileRef = 186D310222CB6154003A5A8F /* ManagedObjectObserverTests.swift */; };
		186D311722CB64F6003A5A8F /* ManagedObjectTypeTests.swift in Sources */ = {isa = PBXBuildFile; fileRef = 186D310022CB6154003A5A8F /* ManagedObjectTypeTests.swift */; };
		186D311822CB64F6003A5A8F /* OperationTests.swift in Sources */ = {isa = PBXBuildFile; fileRef = 186D310522CB6154003A5A8F /* OperationTests.swift */; };
		186D311922CB64F6003A5A8F /* PredicateTests.swift in Sources */ = {isa = PBXBuildFile; fileRef = 186D310122CB6154003A5A8F /* PredicateTests.swift */; };
		186D311A22CB64F6003A5A8F /* ProgressTests.swift in Sources */ = {isa = PBXBuildFile; fileRef = 186D310422CB6154003A5A8F /* ProgressTests.swift */; };
		186D311B22CB64FE003A5A8F /* TestEntity.swift in Sources */ = {isa = PBXBuildFile; fileRef = 8D97980F1DF815E400DAB75A /* TestEntity.swift */; };
		186D311C22CB64FE003A5A8F /* AnotherEntity.swift in Sources */ = {isa = PBXBuildFile; fileRef = 8D159AFD205C001A004D693A /* AnotherEntity.swift */; };
		186D311D22CB64FE003A5A8F /* TestEntity+JSON.swift in Sources */ = {isa = PBXBuildFile; fileRef = 8D9798101DF815E400DAB75A /* TestEntity+JSON.swift */; };
		186D311E22CB6500003A5A8F /* TestModel.xcdatamodeld in Sources */ = {isa = PBXBuildFile; fileRef = 8D9798151DF817CC00DAB75A /* TestModel.xcdatamodeld */; };
		186D311F22CB650B003A5A8F /* FetchedCollection.swift in Sources */ = {isa = PBXBuildFile; fileRef = CB13D8DD2058351C008B3678 /* FetchedCollection.swift */; };
		186D312322CB6510003A5A8F /* NSManagedObjectContext.swift in Sources */ = {isa = PBXBuildFile; fileRef = 8D84C25E224CCF9C008C35D7 /* NSManagedObjectContext.swift */; };
		186D312422CB6510003A5A8F /* NSPredicate.swift in Sources */ = {isa = PBXBuildFile; fileRef = 8D94661F22146BF500B2197D /* NSPredicate.swift */; };
		186D312522CB6519003A5A8F /* CountObserver.swift in Sources */ = {isa = PBXBuildFile; fileRef = 8D821932205ACEAE00732777 /* CountObserver.swift */; };
		186D312622CB6519003A5A8F /* ManagedObjectObserver.swift in Sources */ = {isa = PBXBuildFile; fileRef = 8DFD6D65205A82F6008CFD28 /* ManagedObjectObserver.swift */; };
		186D312722CB651C003A5A8F /* ContextDidSaveNotification.swift in Sources */ = {isa = PBXBuildFile; fileRef = 8D159AFF205C01EE004D693A /* ContextDidSaveNotification.swift */; };
		186D312822CB651C003A5A8F /* ObjectDidChangeNotification.swift in Sources */ = {isa = PBXBuildFile; fileRef = 8D821930205AC7CA00732777 /* ObjectDidChangeNotification.swift */; };
		186D312922CB6521003A5A8F /* Changeset.swift in Sources */ = {isa = PBXBuildFile; fileRef = 8DFAC1101F79274B0015EDC0 /* Changeset.swift */; };
		186D312A22CB6521003A5A8F /* CoreDataOperation.swift in Sources */ = {isa = PBXBuildFile; fileRef = CBF972A41E5DEE6D00F37801 /* CoreDataOperation.swift */; };
		186D312B22CB6521003A5A8F /* CoreDataChangesetOperation.swift in Sources */ = {isa = PBXBuildFile; fileRef = 8DDAE2982056E113001D7521 /* CoreDataChangesetOperation.swift */; };
		186D312C22CB6521003A5A8F /* CoreDataBatchImportOperation.swift in Sources */ = {isa = PBXBuildFile; fileRef = CBF972BC1E5DEF2900F37801 /* CoreDataBatchImportOperation.swift */; };
		186D312D22CB6521003A5A8F /* CoreDataSingleImportOperation.swift in Sources */ = {isa = PBXBuildFile; fileRef = 8DFAC10E1F7918420015EDC0 /* CoreDataSingleImportOperation.swift */; };
		186D312E22CB6521003A5A8F /* CoreDataToIntermediateOperation.swift in Sources */ = {isa = PBXBuildFile; fileRef = 8D84C262224CD83C008C35D7 /* CoreDataToIntermediateOperation.swift */; };
		186D312F22CB652B003A5A8F /* PeakCoreData.h in Headers */ = {isa = PBXBuildFile; fileRef = 8D9797DE1DF8138100DAB75A /* PeakCoreData.h */; };
		186D313122CB6567003A5A8F /* PeakCoreData+Aliases.swift in Sources */ = {isa = PBXBuildFile; fileRef = 186D313022CB6567003A5A8F /* PeakCoreData+Aliases.swift */; };
		186D313222CB669E003A5A8F /* ManagedObjectType.swift in Sources */ = {isa = PBXBuildFile; fileRef = CBF972B01E5DEE8700F37801 /* ManagedObjectType.swift */; };
		186D313322CB669E003A5A8F /* ManagedObjectUpdatable.swift in Sources */ = {isa = PBXBuildFile; fileRef = CBF972BA1E5DEF2100F37801 /* ManagedObjectUpdatable.swift */; };
		186D313422CB669E003A5A8F /* PersistentContainerSettable.swift in Sources */ = {isa = PBXBuildFile; fileRef = CBF972B41E5DEEFC00F37801 /* PersistentContainerSettable.swift */; };
		186D313522CB669E003A5A8F /* UniqueIdentifiable.swift in Sources */ = {isa = PBXBuildFile; fileRef = CBF972B11E5DEE8700F37801 /* UniqueIdentifiable.swift */; };
		186D313722CB8452003A5A8F /* TableViewUpdatable.swift in Sources */ = {isa = PBXBuildFile; fileRef = 186D313622CB8452003A5A8F /* TableViewUpdatable.swift */; };
		186D313922CB847F003A5A8F /* CollectionViewUpdatable.swift in Sources */ = {isa = PBXBuildFile; fileRef = 186D313822CB847F003A5A8F /* CollectionViewUpdatable.swift */; };
		186D313A22CB849E003A5A8F /* FetchedDataProvider.swift in Sources */ = {isa = PBXBuildFile; fileRef = 8D05BE6C2051518B00DE93AC /* FetchedDataProvider.swift */; };
		186D313B22CB84B7003A5A8F /* PeakCoreData+Aliases.swift in Sources */ = {isa = PBXBuildFile; fileRef = 186D313022CB6567003A5A8F /* PeakCoreData+Aliases.swift */; };
		18CD62B922E8A327004F3E93 /* NSEntityDescription.swift in Sources */ = {isa = PBXBuildFile; fileRef = 18CD62B822E8A326004F3E93 /* NSEntityDescription.swift */; };
		18CD62BA22E8A327004F3E93 /* NSEntityDescription.swift in Sources */ = {isa = PBXBuildFile; fileRef = 18CD62B822E8A326004F3E93 /* NSEntityDescription.swift */; };
		1AC7508350C5AA1E3086B5B0 /* libPods-PeakCoreData-macOS.a in Frameworks */ = {isa = PBXBuildFile; fileRef = 919091D3EC4523C34DAD75AB /* libPods-PeakCoreData-macOS.a */; };
		6346D9F024360C4700521E6C /* Cache.swift in Sources */ = {isa = PBXBuildFile; fileRef = 6346D9EF24360C4700521E6C /* Cache.swift */; };
		6346D9F224360C8400521E6C /* ManagedObjectCache.swift in Sources */ = {isa = PBXBuildFile; fileRef = 6346D9F124360C8400521E6C /* ManagedObjectCache.swift */; };
		6346D9F72436246D00521E6C /* ManagedObjectCacheTests.swift in Sources */ = {isa = PBXBuildFile; fileRef = 6346D9F62436246D00521E6C /* ManagedObjectCacheTests.swift */; };
		6346D9F82436246D00521E6C /* ManagedObjectCacheTests.swift in Sources */ = {isa = PBXBuildFile; fileRef = 6346D9F62436246D00521E6C /* ManagedObjectCacheTests.swift */; };
		636619A32476B361008E573D /* CoreDataBatchUpdateOperation.swift in Sources */ = {isa = PBXBuildFile; fileRef = 636619A22476B361008E573D /* CoreDataBatchUpdateOperation.swift */; };
		636619A52476B36D008E573D /* CoreDataBatchDeleteOperation.swift in Sources */ = {isa = PBXBuildFile; fileRef = 636619A42476B36D008E573D /* CoreDataBatchDeleteOperation.swift */; };
		636619A62476B38F008E573D /* CoreDataBatchDeleteOperation.swift in Sources */ = {isa = PBXBuildFile; fileRef = 636619A42476B36D008E573D /* CoreDataBatchDeleteOperation.swift */; };
		636619A72476B395008E573D /* CoreDataBatchUpdateOperation.swift in Sources */ = {isa = PBXBuildFile; fileRef = 636619A22476B361008E573D /* CoreDataBatchUpdateOperation.swift */; };
		8D05BE6D2051518B00DE93AC /* FetchedDataProvider.swift in Sources */ = {isa = PBXBuildFile; fileRef = 8D05BE6C2051518B00DE93AC /* FetchedDataProvider.swift */; };
		8D159AFE205C001A004D693A /* AnotherEntity.swift in Sources */ = {isa = PBXBuildFile; fileRef = 8D159AFD205C001A004D693A /* AnotherEntity.swift */; };
		8D159B00205C01EE004D693A /* ContextDidSaveNotification.swift in Sources */ = {isa = PBXBuildFile; fileRef = 8D159AFF205C01EE004D693A /* ContextDidSaveNotification.swift */; };
		8D6B966F20501D87003D20C0 /* FetchedTableViewDataSource.swift in Sources */ = {isa = PBXBuildFile; fileRef = 8D6B966E20501D86003D20C0 /* FetchedTableViewDataSource.swift */; };
		8D821931205AC7CA00732777 /* ObjectDidChangeNotification.swift in Sources */ = {isa = PBXBuildFile; fileRef = 8D821930205AC7CA00732777 /* ObjectDidChangeNotification.swift */; };
		8D821933205ACEAE00732777 /* CountObserver.swift in Sources */ = {isa = PBXBuildFile; fileRef = 8D821932205ACEAE00732777 /* CountObserver.swift */; };
		8D84C25F224CCF9C008C35D7 /* NSManagedObjectContext.swift in Sources */ = {isa = PBXBuildFile; fileRef = 8D84C25E224CCF9C008C35D7 /* NSManagedObjectContext.swift */; };
		8D84C263224CD83C008C35D7 /* CoreDataToIntermediateOperation.swift in Sources */ = {isa = PBXBuildFile; fileRef = 8D84C262224CD83C008C35D7 /* CoreDataToIntermediateOperation.swift */; };
		8D94662022146BF500B2197D /* NSPredicate.swift in Sources */ = {isa = PBXBuildFile; fileRef = 8D94661F22146BF500B2197D /* NSPredicate.swift */; };
		8D9797E51DF8138100DAB75A /* PeakCoreData_iOS.framework in Frameworks */ = {isa = PBXBuildFile; fileRef = 8D9797DB1DF8138100DAB75A /* PeakCoreData_iOS.framework */; };
		8D9797EC1DF8138100DAB75A /* PeakCoreData.h in Headers */ = {isa = PBXBuildFile; fileRef = 8D9797DE1DF8138100DAB75A /* PeakCoreData.h */; settings = {ATTRIBUTES = (Public, ); }; };
		8D9798121DF815E400DAB75A /* TestEntity.swift in Sources */ = {isa = PBXBuildFile; fileRef = 8D97980F1DF815E400DAB75A /* TestEntity.swift */; };
		8D9798131DF815E400DAB75A /* TestEntity+JSON.swift in Sources */ = {isa = PBXBuildFile; fileRef = 8D9798101DF815E400DAB75A /* TestEntity+JSON.swift */; };
		8D9798171DF817CC00DAB75A /* TestModel.xcdatamodeld in Sources */ = {isa = PBXBuildFile; fileRef = 8D9798151DF817CC00DAB75A /* TestModel.xcdatamodeld */; };
		8DB3C03F2050208400AE66DD /* FetchedCollectionViewDataSource.swift in Sources */ = {isa = PBXBuildFile; fileRef = 8DB3C03E2050208400AE66DD /* FetchedCollectionViewDataSource.swift */; };
		8DDAE2992056E113001D7521 /* CoreDataChangesetOperation.swift in Sources */ = {isa = PBXBuildFile; fileRef = 8DDAE2982056E113001D7521 /* CoreDataChangesetOperation.swift */; };
		8DFAC10F1F7918420015EDC0 /* CoreDataSingleImportOperation.swift in Sources */ = {isa = PBXBuildFile; fileRef = 8DFAC10E1F7918420015EDC0 /* CoreDataSingleImportOperation.swift */; };
		8DFAC1111F79274B0015EDC0 /* Changeset.swift in Sources */ = {isa = PBXBuildFile; fileRef = 8DFAC1101F79274B0015EDC0 /* Changeset.swift */; };
		8DFD6D66205A82F6008CFD28 /* ManagedObjectObserver.swift in Sources */ = {isa = PBXBuildFile; fileRef = 8DFD6D65205A82F6008CFD28 /* ManagedObjectObserver.swift */; };
		92834B12FA584E9D0B6F7AD0 /* libPods-PeakCoreData-macOSTests.a in Frameworks */ = {isa = PBXBuildFile; fileRef = A1345FBC38C7E74B9493E33D /* libPods-PeakCoreData-macOSTests.a */; };
		CB13D8DE2058351C008B3678 /* FetchedCollection.swift in Sources */ = {isa = PBXBuildFile; fileRef = CB13D8DD2058351C008B3678 /* FetchedCollection.swift */; };
		CBF972A51E5DEE6D00F37801 /* CoreDataOperation.swift in Sources */ = {isa = PBXBuildFile; fileRef = CBF972A41E5DEE6D00F37801 /* CoreDataOperation.swift */; };
		CBF972B21E5DEE8700F37801 /* ManagedObjectType.swift in Sources */ = {isa = PBXBuildFile; fileRef = CBF972B01E5DEE8700F37801 /* ManagedObjectType.swift */; };
		CBF972B31E5DEE8700F37801 /* UniqueIdentifiable.swift in Sources */ = {isa = PBXBuildFile; fileRef = CBF972B11E5DEE8700F37801 /* UniqueIdentifiable.swift */; };
		CBF972B51E5DEEFC00F37801 /* PersistentContainerSettable.swift in Sources */ = {isa = PBXBuildFile; fileRef = CBF972B41E5DEEFC00F37801 /* PersistentContainerSettable.swift */; };
		CBF972BB1E5DEF2100F37801 /* ManagedObjectUpdatable.swift in Sources */ = {isa = PBXBuildFile; fileRef = CBF972BA1E5DEF2100F37801 /* ManagedObjectUpdatable.swift */; };
		CBF972BE1E5DEF2900F37801 /* CoreDataBatchImportOperation.swift in Sources */ = {isa = PBXBuildFile; fileRef = CBF972BC1E5DEF2900F37801 /* CoreDataBatchImportOperation.swift */; };
		CC004D526DA4D64F7B939BE2 /* libPods-PeakCoreData-iOS.a in Frameworks */ = {isa = PBXBuildFile; fileRef = 41B2BD777E811A4A665C0D63 /* libPods-PeakCoreData-iOS.a */; };
		EA5D8254DC2F003BB66BA060 /* libPods-PeakCoreData-iOSTests.a in Frameworks */ = {isa = PBXBuildFile; fileRef = 270324883CAD9D6626F451A1 /* libPods-PeakCoreData-iOSTests.a */; };
/* End PBXBuildFile section */

/* Begin PBXContainerItemProxy section */
		186D30F522CB602E003A5A8F /* PBXContainerItemProxy */ = {
			isa = PBXContainerItemProxy;
			containerPortal = 8D9797D21DF8138100DAB75A /* Project object */;
			proxyType = 1;
			remoteGlobalIDString = 186D30E222CB5F18003A5A8F;
			remoteInfo = "PeakCoreData-macOS";
		};
		8D9797E61DF8138100DAB75A /* PBXContainerItemProxy */ = {
			isa = PBXContainerItemProxy;
			containerPortal = 8D9797D21DF8138100DAB75A /* Project object */;
			proxyType = 1;
			remoteGlobalIDString = 8D9797DA1DF8138100DAB75A;
			remoteInfo = THRCoreData;
		};
/* End PBXContainerItemProxy section */

/* Begin PBXFileReference section */
		13A37C27F8EB523942827C1A /* Pods-PeakCoreData-macOSTests.release.xcconfig */ = {isa = PBXFileReference; includeInIndex = 1; lastKnownFileType = text.xcconfig; name = "Pods-PeakCoreData-macOSTests.release.xcconfig"; path = "Target Support Files/Pods-PeakCoreData-macOSTests/Pods-PeakCoreData-macOSTests.release.xcconfig"; sourceTree = "<group>"; };
		186D30E322CB5F18003A5A8F /* PeakCoreData_macOS.framework */ = {isa = PBXFileReference; explicitFileType = wrapper.framework; includeInIndex = 0; path = PeakCoreData_macOS.framework; sourceTree = BUILT_PRODUCTS_DIR; };
		186D30E622CB5F18003A5A8F /* Info.plist */ = {isa = PBXFileReference; lastKnownFileType = text.plist.xml; path = Info.plist; sourceTree = "<group>"; };
		186D30EF22CB602E003A5A8F /* PeakCoreData_macOSTests.xctest */ = {isa = PBXFileReference; explicitFileType = wrapper.cfbundle; includeInIndex = 0; path = PeakCoreData_macOSTests.xctest; sourceTree = BUILT_PRODUCTS_DIR; };
		186D30F322CB602E003A5A8F /* Info.plist */ = {isa = PBXFileReference; lastKnownFileType = text.plist.xml; path = Info.plist; sourceTree = "<group>"; };
		186D310022CB6154003A5A8F /* ManagedObjectTypeTests.swift */ = {isa = PBXFileReference; lastKnownFileType = sourcecode.swift; path = ManagedObjectTypeTests.swift; sourceTree = "<group>"; };
		186D310122CB6154003A5A8F /* PredicateTests.swift */ = {isa = PBXFileReference; lastKnownFileType = sourcecode.swift; path = PredicateTests.swift; sourceTree = "<group>"; };
		186D310222CB6154003A5A8F /* ManagedObjectObserverTests.swift */ = {isa = PBXFileReference; lastKnownFileType = sourcecode.swift; path = ManagedObjectObserverTests.swift; sourceTree = "<group>"; };
		186D310322CB6154003A5A8F /* ManagedObjectContextTests.swift */ = {isa = PBXFileReference; lastKnownFileType = sourcecode.swift; path = ManagedObjectContextTests.swift; sourceTree = "<group>"; };
		186D310422CB6154003A5A8F /* ProgressTests.swift */ = {isa = PBXFileReference; lastKnownFileType = sourcecode.swift; path = ProgressTests.swift; sourceTree = "<group>"; };
		186D310522CB6154003A5A8F /* OperationTests.swift */ = {isa = PBXFileReference; lastKnownFileType = sourcecode.swift; path = OperationTests.swift; sourceTree = "<group>"; };
		186D310622CB6154003A5A8F /* FetchedCollectionTests.swift */ = {isa = PBXFileReference; lastKnownFileType = sourcecode.swift; path = FetchedCollectionTests.swift; sourceTree = "<group>"; };
		186D310722CB6154003A5A8F /* CountObserverTests.swift */ = {isa = PBXFileReference; lastKnownFileType = sourcecode.swift; path = CountObserverTests.swift; sourceTree = "<group>"; };
		186D310822CB6154003A5A8F /* CoreDataTests.swift */ = {isa = PBXFileReference; lastKnownFileType = sourcecode.swift; path = CoreDataTests.swift; sourceTree = "<group>"; };
		186D313022CB6567003A5A8F /* PeakCoreData+Aliases.swift */ = {isa = PBXFileReference; lastKnownFileType = sourcecode.swift; path = "PeakCoreData+Aliases.swift"; sourceTree = "<group>"; };
		186D313622CB8452003A5A8F /* TableViewUpdatable.swift */ = {isa = PBXFileReference; lastKnownFileType = sourcecode.swift; path = TableViewUpdatable.swift; sourceTree = "<group>"; };
		186D313822CB847F003A5A8F /* CollectionViewUpdatable.swift */ = {isa = PBXFileReference; lastKnownFileType = sourcecode.swift; path = CollectionViewUpdatable.swift; sourceTree = "<group>"; };
		18CD62B822E8A326004F3E93 /* NSEntityDescription.swift */ = {isa = PBXFileReference; fileEncoding = 4; lastKnownFileType = sourcecode.swift; path = NSEntityDescription.swift; sourceTree = "<group>"; };
		270324883CAD9D6626F451A1 /* libPods-PeakCoreData-iOSTests.a */ = {isa = PBXFileReference; explicitFileType = archive.ar; includeInIndex = 0; path = "libPods-PeakCoreData-iOSTests.a"; sourceTree = BUILT_PRODUCTS_DIR; };
		41B2BD777E811A4A665C0D63 /* libPods-PeakCoreData-iOS.a */ = {isa = PBXFileReference; explicitFileType = archive.ar; includeInIndex = 0; path = "libPods-PeakCoreData-iOS.a"; sourceTree = BUILT_PRODUCTS_DIR; };
		6346D9EF24360C4700521E6C /* Cache.swift */ = {isa = PBXFileReference; lastKnownFileType = sourcecode.swift; path = Cache.swift; sourceTree = "<group>"; };
		6346D9F124360C8400521E6C /* ManagedObjectCache.swift */ = {isa = PBXFileReference; lastKnownFileType = sourcecode.swift; path = ManagedObjectCache.swift; sourceTree = "<group>"; };
		6346D9F62436246D00521E6C /* ManagedObjectCacheTests.swift */ = {isa = PBXFileReference; lastKnownFileType = sourcecode.swift; path = ManagedObjectCacheTests.swift; sourceTree = "<group>"; };
		636619A22476B361008E573D /* CoreDataBatchUpdateOperation.swift */ = {isa = PBXFileReference; lastKnownFileType = sourcecode.swift; path = CoreDataBatchUpdateOperation.swift; sourceTree = "<group>"; };
		636619A42476B36D008E573D /* CoreDataBatchDeleteOperation.swift */ = {isa = PBXFileReference; lastKnownFileType = sourcecode.swift; path = CoreDataBatchDeleteOperation.swift; sourceTree = "<group>"; };
		6F1222CBE402AC7FD0C7226D /* Pods-PeakCoreData-macOSTests.debug.xcconfig */ = {isa = PBXFileReference; includeInIndex = 1; lastKnownFileType = text.xcconfig; name = "Pods-PeakCoreData-macOSTests.debug.xcconfig"; path = "Target Support Files/Pods-PeakCoreData-macOSTests/Pods-PeakCoreData-macOSTests.debug.xcconfig"; sourceTree = "<group>"; };
		700FD15F5FA7E5B1E735EE88 /* Pods-PeakCoreData-iOSTests.release.xcconfig */ = {isa = PBXFileReference; includeInIndex = 1; lastKnownFileType = text.xcconfig; name = "Pods-PeakCoreData-iOSTests.release.xcconfig"; path = "Target Support Files/Pods-PeakCoreData-iOSTests/Pods-PeakCoreData-iOSTests.release.xcconfig"; sourceTree = "<group>"; };
		8D05BE6C2051518B00DE93AC /* FetchedDataProvider.swift */ = {isa = PBXFileReference; lastKnownFileType = sourcecode.swift; path = FetchedDataProvider.swift; sourceTree = "<group>"; };
		8D159AFD205C001A004D693A /* AnotherEntity.swift */ = {isa = PBXFileReference; lastKnownFileType = sourcecode.swift; path = AnotherEntity.swift; sourceTree = "<group>"; };
		8D159AFF205C01EE004D693A /* ContextDidSaveNotification.swift */ = {isa = PBXFileReference; lastKnownFileType = sourcecode.swift; path = ContextDidSaveNotification.swift; sourceTree = "<group>"; };
		8D6B966E20501D86003D20C0 /* FetchedTableViewDataSource.swift */ = {isa = PBXFileReference; fileEncoding = 4; lastKnownFileType = sourcecode.swift; path = FetchedTableViewDataSource.swift; sourceTree = "<group>"; };
		8D821930205AC7CA00732777 /* ObjectDidChangeNotification.swift */ = {isa = PBXFileReference; lastKnownFileType = sourcecode.swift; path = ObjectDidChangeNotification.swift; sourceTree = "<group>"; };
		8D821932205ACEAE00732777 /* CountObserver.swift */ = {isa = PBXFileReference; lastKnownFileType = sourcecode.swift; path = CountObserver.swift; sourceTree = "<group>"; };
		8D84C25E224CCF9C008C35D7 /* NSManagedObjectContext.swift */ = {isa = PBXFileReference; lastKnownFileType = sourcecode.swift; path = NSManagedObjectContext.swift; sourceTree = "<group>"; };
		8D84C262224CD83C008C35D7 /* CoreDataToIntermediateOperation.swift */ = {isa = PBXFileReference; lastKnownFileType = sourcecode.swift; path = CoreDataToIntermediateOperation.swift; sourceTree = "<group>"; };
		8D94661F22146BF500B2197D /* NSPredicate.swift */ = {isa = PBXFileReference; lastKnownFileType = sourcecode.swift; path = NSPredicate.swift; sourceTree = "<group>"; };
		8D9797DB1DF8138100DAB75A /* PeakCoreData_iOS.framework */ = {isa = PBXFileReference; explicitFileType = wrapper.framework; includeInIndex = 0; path = PeakCoreData_iOS.framework; sourceTree = BUILT_PRODUCTS_DIR; };
		8D9797DE1DF8138100DAB75A /* PeakCoreData.h */ = {isa = PBXFileReference; lastKnownFileType = sourcecode.c.h; path = PeakCoreData.h; sourceTree = "<group>"; };
		8D9797DF1DF8138100DAB75A /* Info.plist */ = {isa = PBXFileReference; lastKnownFileType = text.plist.xml; path = Info.plist; sourceTree = "<group>"; };
		8D9797E41DF8138100DAB75A /* PeakCoreData_iOSTests.xctest */ = {isa = PBXFileReference; explicitFileType = wrapper.cfbundle; includeInIndex = 0; path = PeakCoreData_iOSTests.xctest; sourceTree = BUILT_PRODUCTS_DIR; };
		8D9797EB1DF8138100DAB75A /* Info.plist */ = {isa = PBXFileReference; lastKnownFileType = text.plist.xml; path = Info.plist; sourceTree = "<group>"; };
		8D97980F1DF815E400DAB75A /* TestEntity.swift */ = {isa = PBXFileReference; fileEncoding = 4; lastKnownFileType = sourcecode.swift; path = TestEntity.swift; sourceTree = "<group>"; };
		8D9798101DF815E400DAB75A /* TestEntity+JSON.swift */ = {isa = PBXFileReference; fileEncoding = 4; lastKnownFileType = sourcecode.swift; path = "TestEntity+JSON.swift"; sourceTree = "<group>"; };
		8D9798161DF817CC00DAB75A /* TestModel.xcdatamodel */ = {isa = PBXFileReference; lastKnownFileType = wrapper.xcdatamodel; path = TestModel.xcdatamodel; sourceTree = "<group>"; };
		8DB3C03E2050208400AE66DD /* FetchedCollectionViewDataSource.swift */ = {isa = PBXFileReference; lastKnownFileType = sourcecode.swift; path = FetchedCollectionViewDataSource.swift; sourceTree = "<group>"; };
		8DDAE2982056E113001D7521 /* CoreDataChangesetOperation.swift */ = {isa = PBXFileReference; lastKnownFileType = sourcecode.swift; path = CoreDataChangesetOperation.swift; sourceTree = "<group>"; };
		8DED6C0A29C2B13591E8FEA5 /* Pods-PeakCoreData-macOS.debug.xcconfig */ = {isa = PBXFileReference; includeInIndex = 1; lastKnownFileType = text.xcconfig; name = "Pods-PeakCoreData-macOS.debug.xcconfig"; path = "Target Support Files/Pods-PeakCoreData-macOS/Pods-PeakCoreData-macOS.debug.xcconfig"; sourceTree = "<group>"; };
		8DFAC10E1F7918420015EDC0 /* CoreDataSingleImportOperation.swift */ = {isa = PBXFileReference; lastKnownFileType = sourcecode.swift; path = CoreDataSingleImportOperation.swift; sourceTree = "<group>"; };
		8DFAC1101F79274B0015EDC0 /* Changeset.swift */ = {isa = PBXFileReference; lastKnownFileType = sourcecode.swift; path = Changeset.swift; sourceTree = "<group>"; };
		8DFD6D65205A82F6008CFD28 /* ManagedObjectObserver.swift */ = {isa = PBXFileReference; lastKnownFileType = sourcecode.swift; path = ManagedObjectObserver.swift; sourceTree = "<group>"; };
		919091D3EC4523C34DAD75AB /* libPods-PeakCoreData-macOS.a */ = {isa = PBXFileReference; explicitFileType = archive.ar; includeInIndex = 0; path = "libPods-PeakCoreData-macOS.a"; sourceTree = BUILT_PRODUCTS_DIR; };
		A1345FBC38C7E74B9493E33D /* libPods-PeakCoreData-macOSTests.a */ = {isa = PBXFileReference; explicitFileType = archive.ar; includeInIndex = 0; path = "libPods-PeakCoreData-macOSTests.a"; sourceTree = BUILT_PRODUCTS_DIR; };
		B5580EC50D3B3D2598D6C895 /* Pods-PeakCoreData-macOS.release.xcconfig */ = {isa = PBXFileReference; includeInIndex = 1; lastKnownFileType = text.xcconfig; name = "Pods-PeakCoreData-macOS.release.xcconfig"; path = "Target Support Files/Pods-PeakCoreData-macOS/Pods-PeakCoreData-macOS.release.xcconfig"; sourceTree = "<group>"; };
		C8A49B12F9948B0FAF188C8A /* Pods-PeakCoreData-iOS.debug.xcconfig */ = {isa = PBXFileReference; includeInIndex = 1; lastKnownFileType = text.xcconfig; name = "Pods-PeakCoreData-iOS.debug.xcconfig"; path = "Target Support Files/Pods-PeakCoreData-iOS/Pods-PeakCoreData-iOS.debug.xcconfig"; sourceTree = "<group>"; };
		CB13D8DD2058351C008B3678 /* FetchedCollection.swift */ = {isa = PBXFileReference; fileEncoding = 4; lastKnownFileType = sourcecode.swift; path = FetchedCollection.swift; sourceTree = "<group>"; };
		CBF972A41E5DEE6D00F37801 /* CoreDataOperation.swift */ = {isa = PBXFileReference; fileEncoding = 4; lastKnownFileType = sourcecode.swift; path = CoreDataOperation.swift; sourceTree = "<group>"; };
		CBF972B01E5DEE8700F37801 /* ManagedObjectType.swift */ = {isa = PBXFileReference; fileEncoding = 4; lastKnownFileType = sourcecode.swift; path = ManagedObjectType.swift; sourceTree = "<group>"; };
		CBF972B11E5DEE8700F37801 /* UniqueIdentifiable.swift */ = {isa = PBXFileReference; fileEncoding = 4; lastKnownFileType = sourcecode.swift; path = UniqueIdentifiable.swift; sourceTree = "<group>"; };
		CBF972B41E5DEEFC00F37801 /* PersistentContainerSettable.swift */ = {isa = PBXFileReference; fileEncoding = 4; lastKnownFileType = sourcecode.swift; path = PersistentContainerSettable.swift; sourceTree = "<group>"; };
		CBF972BA1E5DEF2100F37801 /* ManagedObjectUpdatable.swift */ = {isa = PBXFileReference; fileEncoding = 4; lastKnownFileType = sourcecode.swift; path = ManagedObjectUpdatable.swift; sourceTree = "<group>"; };
		CBF972BC1E5DEF2900F37801 /* CoreDataBatchImportOperation.swift */ = {isa = PBXFileReference; fileEncoding = 4; lastKnownFileType = sourcecode.swift; path = CoreDataBatchImportOperation.swift; sourceTree = "<group>"; };
		D56D1E62973F7A9E51FFD0AD /* Pods-PeakCoreData-iOS.release.xcconfig */ = {isa = PBXFileReference; includeInIndex = 1; lastKnownFileType = text.xcconfig; name = "Pods-PeakCoreData-iOS.release.xcconfig"; path = "Target Support Files/Pods-PeakCoreData-iOS/Pods-PeakCoreData-iOS.release.xcconfig"; sourceTree = "<group>"; };
		E306673428FB613A04993E64 /* Pods-PeakCoreData-iOSTests.debug.xcconfig */ = {isa = PBXFileReference; includeInIndex = 1; lastKnownFileType = text.xcconfig; name = "Pods-PeakCoreData-iOSTests.debug.xcconfig"; path = "Target Support Files/Pods-PeakCoreData-iOSTests/Pods-PeakCoreData-iOSTests.debug.xcconfig"; sourceTree = "<group>"; };
/* End PBXFileReference section */

/* Begin PBXFrameworksBuildPhase section */
		186D30E022CB5F18003A5A8F /* Frameworks */ = {
			isa = PBXFrameworksBuildPhase;
			buildActionMask = 2147483647;
			files = (
				1AC7508350C5AA1E3086B5B0 /* libPods-PeakCoreData-macOS.a in Frameworks */,
			);
			runOnlyForDeploymentPostprocessing = 0;
		};
		186D30EC22CB602E003A5A8F /* Frameworks */ = {
			isa = PBXFrameworksBuildPhase;
			buildActionMask = 2147483647;
			files = (
				186D30F422CB602E003A5A8F /* PeakCoreData_macOS.framework in Frameworks */,
				92834B12FA584E9D0B6F7AD0 /* libPods-PeakCoreData-macOSTests.a in Frameworks */,
			);
			runOnlyForDeploymentPostprocessing = 0;
		};
		8D9797D71DF8138100DAB75A /* Frameworks */ = {
			isa = PBXFrameworksBuildPhase;
			buildActionMask = 2147483647;
			files = (
				CC004D526DA4D64F7B939BE2 /* libPods-PeakCoreData-iOS.a in Frameworks */,
			);
			runOnlyForDeploymentPostprocessing = 0;
		};
		8D9797E11DF8138100DAB75A /* Frameworks */ = {
			isa = PBXFrameworksBuildPhase;
			buildActionMask = 2147483647;
			files = (
				8D9797E51DF8138100DAB75A /* PeakCoreData_iOS.framework in Frameworks */,
				EA5D8254DC2F003BB66BA060 /* libPods-PeakCoreData-iOSTests.a in Frameworks */,
			);
			runOnlyForDeploymentPostprocessing = 0;
		};
/* End PBXFrameworksBuildPhase section */

/* Begin PBXGroup section */
		186D30D622CB5E14003A5A8F /* Core */ = {
			isa = PBXGroup;
			children = (
				6346D9EE24360C3600521E6C /* Cache */,
				8D2DD2B22199918B00468575 /* Fetched Data Sources */,
				8D94662122146BF900B2197D /* Helpers */,
				8D2DD2B02199916C00468575 /* Observers */,
				8D2DD2B32199919B00468575 /* Operations */,
				8D2DD2B5219991B300468575 /* Protocols */,
				8D9797DE1DF8138100DAB75A /* PeakCoreData.h */,
				186D313022CB6567003A5A8F /* PeakCoreData+Aliases.swift */,
			);
			path = Core;
			sourceTree = "<group>";
		};
		186D30D722CB5E20003A5A8F /* Platforms */ = {
			isa = PBXGroup;
			children = (
				186D30DD22CB5E68003A5A8F /* macOS */,
				186D30DC22CB5E63003A5A8F /* iOS */,
			);
			path = Platforms;
			sourceTree = "<group>";
		};
		186D30DC22CB5E63003A5A8F /* iOS */ = {
			isa = PBXGroup;
			children = (
				8DB3C03E2050208400AE66DD /* FetchedCollectionViewDataSource.swift */,
				8D6B966E20501D86003D20C0 /* FetchedTableViewDataSource.swift */,
				186D313622CB8452003A5A8F /* TableViewUpdatable.swift */,
				186D313822CB847F003A5A8F /* CollectionViewUpdatable.swift */,
				8D9797DF1DF8138100DAB75A /* Info.plist */,
			);
			path = iOS;
			sourceTree = "<group>";
		};
		186D30DD22CB5E68003A5A8F /* macOS */ = {
			isa = PBXGroup;
			children = (
				186D30E622CB5F18003A5A8F /* Info.plist */,
			);
			path = macOS;
			sourceTree = "<group>";
		};
		186D30FA22CB6071003A5A8F /* Unit Tests */ = {
			isa = PBXGroup;
			children = (
				186D30FE22CB60BC003A5A8F /* Core */,
				186D30FB22CB6077003A5A8F /* Platforms */,
			);
			path = "Unit Tests";
			sourceTree = "<group>";
		};
		186D30FB22CB6077003A5A8F /* Platforms */ = {
			isa = PBXGroup;
			children = (
				186D30FD22CB60B4003A5A8F /* iOS */,
				186D30FC22CB608F003A5A8F /* macOS */,
			);
			path = Platforms;
			sourceTree = "<group>";
		};
		186D30FC22CB608F003A5A8F /* macOS */ = {
			isa = PBXGroup;
			children = (
				186D30F322CB602E003A5A8F /* Info.plist */,
			);
			path = macOS;
			sourceTree = "<group>";
		};
		186D30FD22CB60B4003A5A8F /* iOS */ = {
			isa = PBXGroup;
			children = (
				8D9797EB1DF8138100DAB75A /* Info.plist */,
			);
			path = iOS;
			sourceTree = "<group>";
		};
		186D30FE22CB60BC003A5A8F /* Core */ = {
			isa = PBXGroup;
			children = (
				186D310822CB6154003A5A8F /* CoreDataTests.swift */,
				186D310722CB6154003A5A8F /* CountObserverTests.swift */,
				186D310622CB6154003A5A8F /* FetchedCollectionTests.swift */,
				6346D9F62436246D00521E6C /* ManagedObjectCacheTests.swift */,
				186D310322CB6154003A5A8F /* ManagedObjectContextTests.swift */,
				186D310222CB6154003A5A8F /* ManagedObjectObserverTests.swift */,
				186D310022CB6154003A5A8F /* ManagedObjectTypeTests.swift */,
				186D310522CB6154003A5A8F /* OperationTests.swift */,
				186D310122CB6154003A5A8F /* PredicateTests.swift */,
				186D310422CB6154003A5A8F /* ProgressTests.swift */,
				186D30FF22CB60F4003A5A8F /* Test Model */,
			);
			path = Core;
			sourceTree = "<group>";
		};
		186D30FF22CB60F4003A5A8F /* Test Model */ = {
			isa = PBXGroup;
			children = (
				8D9798151DF817CC00DAB75A /* TestModel.xcdatamodeld */,
				8D97980F1DF815E400DAB75A /* TestEntity.swift */,
				8D159AFD205C001A004D693A /* AnotherEntity.swift */,
				8D9798101DF815E400DAB75A /* TestEntity+JSON.swift */,
			);
			path = "Test Model";
			sourceTree = "<group>";
		};
		6346D9EE24360C3600521E6C /* Cache */ = {
			isa = PBXGroup;
			children = (
				6346D9EF24360C4700521E6C /* Cache.swift */,
				6346D9F124360C8400521E6C /* ManagedObjectCache.swift */,
			);
			path = Cache;
			sourceTree = "<group>";
		};
		8D1F2E2C1F7408E000FE6643 /* Supporting Files */ = {
			isa = PBXGroup;
			children = (
			);
			name = "Supporting Files";
			sourceTree = "<group>";
		};
		8D2DD2B02199916C00468575 /* Observers */ = {
			isa = PBXGroup;
			children = (
				8D821932205ACEAE00732777 /* CountObserver.swift */,
				8DFD6D65205A82F6008CFD28 /* ManagedObjectObserver.swift */,
				8D2DD2B12199917C00468575 /* Notifications */,
			);
			path = Observers;
			sourceTree = "<group>";
		};
		8D2DD2B12199917C00468575 /* Notifications */ = {
			isa = PBXGroup;
			children = (
				8D159AFF205C01EE004D693A /* ContextDidSaveNotification.swift */,
				8D821930205AC7CA00732777 /* ObjectDidChangeNotification.swift */,
			);
			path = Notifications;
			sourceTree = "<group>";
		};
		8D2DD2B22199918B00468575 /* Fetched Data Sources */ = {
			isa = PBXGroup;
			children = (
				CB13D8DD2058351C008B3678 /* FetchedCollection.swift */,
				8D05BE6C2051518B00DE93AC /* FetchedDataProvider.swift */,
			);
			path = "Fetched Data Sources";
			sourceTree = "<group>";
		};
		8D2DD2B32199919B00468575 /* Operations */ = {
			isa = PBXGroup;
			children = (
				8DFAC1101F79274B0015EDC0 /* Changeset.swift */,
				636619A42476B36D008E573D /* CoreDataBatchDeleteOperation.swift */,
				CBF972BC1E5DEF2900F37801 /* CoreDataBatchImportOperation.swift */,
				636619A22476B361008E573D /* CoreDataBatchUpdateOperation.swift */,
				8DDAE2982056E113001D7521 /* CoreDataChangesetOperation.swift */,
				CBF972A41E5DEE6D00F37801 /* CoreDataOperation.swift */,
				8DFAC10E1F7918420015EDC0 /* CoreDataSingleImportOperation.swift */,
				8D84C262224CD83C008C35D7 /* CoreDataToIntermediateOperation.swift */,
			);
			path = Operations;
			sourceTree = "<group>";
		};
		8D2DD2B5219991B300468575 /* Protocols */ = {
			isa = PBXGroup;
			children = (
				CBF972B01E5DEE8700F37801 /* ManagedObjectType.swift */,
				CBF972BA1E5DEF2100F37801 /* ManagedObjectUpdatable.swift */,
				CBF972B41E5DEEFC00F37801 /* PersistentContainerSettable.swift */,
				CBF972B11E5DEE8700F37801 /* UniqueIdentifiable.swift */,
			);
			path = Protocols;
			sourceTree = "<group>";
		};
		8D94662122146BF900B2197D /* Helpers */ = {
			isa = PBXGroup;
			children = (
				8D84C25E224CCF9C008C35D7 /* NSManagedObjectContext.swift */,
				18CD62B822E8A326004F3E93 /* NSEntityDescription.swift */,
				8D94661F22146BF500B2197D /* NSPredicate.swift */,
			);
			path = Helpers;
			sourceTree = "<group>";
		};
		8D9797D11DF8138100DAB75A = {
			isa = PBXGroup;
			children = (
				8D9797DD1DF8138100DAB75A /* PeakCoreData */,
				8D9797DC1DF8138100DAB75A /* Products */,
				186D30FA22CB6071003A5A8F /* Unit Tests */,
				9778B4EB4F8E35BC70469264 /* Pods */,
				C5AEC6BDBF1340B91152C4F8 /* Frameworks */,
			);
			sourceTree = "<group>";
		};
		8D9797DC1DF8138100DAB75A /* Products */ = {
			isa = PBXGroup;
			children = (
				8D9797DB1DF8138100DAB75A /* PeakCoreData_iOS.framework */,
				8D9797E41DF8138100DAB75A /* PeakCoreData_iOSTests.xctest */,
				186D30E322CB5F18003A5A8F /* PeakCoreData_macOS.framework */,
				186D30EF22CB602E003A5A8F /* PeakCoreData_macOSTests.xctest */,
			);
			name = Products;
			sourceTree = "<group>";
		};
		8D9797DD1DF8138100DAB75A /* PeakCoreData */ = {
			isa = PBXGroup;
			children = (
				186D30D622CB5E14003A5A8F /* Core */,
				186D30D722CB5E20003A5A8F /* Platforms */,
				8D1F2E2C1F7408E000FE6643 /* Supporting Files */,
			);
			path = PeakCoreData;
			sourceTree = "<group>";
		};
		9778B4EB4F8E35BC70469264 /* Pods */ = {
			isa = PBXGroup;
			children = (
				C8A49B12F9948B0FAF188C8A /* Pods-PeakCoreData-iOS.debug.xcconfig */,
				D56D1E62973F7A9E51FFD0AD /* Pods-PeakCoreData-iOS.release.xcconfig */,
				E306673428FB613A04993E64 /* Pods-PeakCoreData-iOSTests.debug.xcconfig */,
				700FD15F5FA7E5B1E735EE88 /* Pods-PeakCoreData-iOSTests.release.xcconfig */,
				8DED6C0A29C2B13591E8FEA5 /* Pods-PeakCoreData-macOS.debug.xcconfig */,
				B5580EC50D3B3D2598D6C895 /* Pods-PeakCoreData-macOS.release.xcconfig */,
				6F1222CBE402AC7FD0C7226D /* Pods-PeakCoreData-macOSTests.debug.xcconfig */,
				13A37C27F8EB523942827C1A /* Pods-PeakCoreData-macOSTests.release.xcconfig */,
			);
			path = Pods;
			sourceTree = "<group>";
		};
		C5AEC6BDBF1340B91152C4F8 /* Frameworks */ = {
			isa = PBXGroup;
			children = (
				41B2BD777E811A4A665C0D63 /* libPods-PeakCoreData-iOS.a */,
				270324883CAD9D6626F451A1 /* libPods-PeakCoreData-iOSTests.a */,
				919091D3EC4523C34DAD75AB /* libPods-PeakCoreData-macOS.a */,
				A1345FBC38C7E74B9493E33D /* libPods-PeakCoreData-macOSTests.a */,
			);
			name = Frameworks;
			sourceTree = "<group>";
		};
/* End PBXGroup section */

/* Begin PBXHeadersBuildPhase section */
		186D30DE22CB5F18003A5A8F /* Headers */ = {
			isa = PBXHeadersBuildPhase;
			buildActionMask = 2147483647;
			files = (
				186D312F22CB652B003A5A8F /* PeakCoreData.h in Headers */,
			);
			runOnlyForDeploymentPostprocessing = 0;
		};
		8D9797D81DF8138100DAB75A /* Headers */ = {
			isa = PBXHeadersBuildPhase;
			buildActionMask = 2147483647;
			files = (
				8D9797EC1DF8138100DAB75A /* PeakCoreData.h in Headers */,
			);
			runOnlyForDeploymentPostprocessing = 0;
		};
/* End PBXHeadersBuildPhase section */

/* Begin PBXNativeTarget section */
		186D30E222CB5F18003A5A8F /* PeakCoreData-macOS */ = {
			isa = PBXNativeTarget;
			buildConfigurationList = 186D30E822CB5F18003A5A8F /* Build configuration list for PBXNativeTarget "PeakCoreData-macOS" */;
			buildPhases = (
				D8BDF4375FFB676A23BDE45D /* [CP] Check Pods Manifest.lock */,
				186D30DE22CB5F18003A5A8F /* Headers */,
				186D30DF22CB5F18003A5A8F /* Sources */,
				186D30E022CB5F18003A5A8F /* Frameworks */,
				186D30E122CB5F18003A5A8F /* Resources */,
			);
			buildRules = (
			);
			dependencies = (
			);
			name = "PeakCoreData-macOS";
			productName = "PeakCoreData-macOS";
			productReference = 186D30E322CB5F18003A5A8F /* PeakCoreData_macOS.framework */;
			productType = "com.apple.product-type.framework";
		};
		186D30EE22CB602E003A5A8F /* PeakCoreData-macOSTests */ = {
			isa = PBXNativeTarget;
			buildConfigurationList = 186D30F722CB602E003A5A8F /* Build configuration list for PBXNativeTarget "PeakCoreData-macOSTests" */;
			buildPhases = (
				19F65CE53ED610EFAD1AF368 /* [CP] Check Pods Manifest.lock */,
				186D30EB22CB602E003A5A8F /* Sources */,
				186D30EC22CB602E003A5A8F /* Frameworks */,
				186D30ED22CB602E003A5A8F /* Resources */,
			);
			buildRules = (
			);
			dependencies = (
				186D30F622CB602E003A5A8F /* PBXTargetDependency */,
			);
			name = "PeakCoreData-macOSTests";
			productName = "PeakCoreData-macOSTests";
			productReference = 186D30EF22CB602E003A5A8F /* PeakCoreData_macOSTests.xctest */;
			productType = "com.apple.product-type.bundle.unit-test";
		};
		8D9797DA1DF8138100DAB75A /* PeakCoreData-iOS */ = {
			isa = PBXNativeTarget;
			buildConfigurationList = 8D9797EF1DF8138100DAB75A /* Build configuration list for PBXNativeTarget "PeakCoreData-iOS" */;
			buildPhases = (
				94A02BDB6334035E1A7B0AF7 /* [CP] Check Pods Manifest.lock */,
				8D9797D61DF8138100DAB75A /* Sources */,
				8D9797D71DF8138100DAB75A /* Frameworks */,
				8D9797D81DF8138100DAB75A /* Headers */,
				8D9797D91DF8138100DAB75A /* Resources */,
			);
			buildRules = (
			);
			dependencies = (
			);
			name = "PeakCoreData-iOS";
			productName = THRCoreData;
			productReference = 8D9797DB1DF8138100DAB75A /* PeakCoreData_iOS.framework */;
			productType = "com.apple.product-type.framework";
		};
		8D9797E31DF8138100DAB75A /* PeakCoreData-iOSTests */ = {
			isa = PBXNativeTarget;
			buildConfigurationList = 8D9797F21DF8138100DAB75A /* Build configuration list for PBXNativeTarget "PeakCoreData-iOSTests" */;
			buildPhases = (
				FAF302D7CA67D7F1E9298BD2 /* [CP] Check Pods Manifest.lock */,
				8D9797E01DF8138100DAB75A /* Sources */,
				8D9797E11DF8138100DAB75A /* Frameworks */,
				8D9797E21DF8138100DAB75A /* Resources */,
			);
			buildRules = (
			);
			dependencies = (
				8D9797E71DF8138100DAB75A /* PBXTargetDependency */,
			);
			name = "PeakCoreData-iOSTests";
			productName = THRCoreDataTests;
			productReference = 8D9797E41DF8138100DAB75A /* PeakCoreData_iOSTests.xctest */;
			productType = "com.apple.product-type.bundle.unit-test";
		};
/* End PBXNativeTarget section */

/* Begin PBXProject section */
		8D9797D21DF8138100DAB75A /* Project object */ = {
			isa = PBXProject;
			attributes = {
				LastSwiftUpdateCheck = 1020;
				LastUpgradeCheck = 0930;
				ORGANIZATIONNAME = "3Squared Ltd";
				TargetAttributes = {
					186D30E222CB5F18003A5A8F = {
						CreatedOnToolsVersion = 10.2.1;
						ProvisioningStyle = Automatic;
					};
					186D30EE22CB602E003A5A8F = {
						CreatedOnToolsVersion = 10.2.1;
						ProvisioningStyle = Automatic;
					};
					8D9797DA1DF8138100DAB75A = {
						CreatedOnToolsVersion = 8.1;
						DevelopmentTeam = VPQ4FHFFW8;
						LastSwiftMigration = 1020;
						ProvisioningStyle = Automatic;
					};
					8D9797E31DF8138100DAB75A = {
						CreatedOnToolsVersion = 8.1;
						DevelopmentTeam = VPQ4FHFFW8;
						LastSwiftMigration = 1020;
						ProvisioningStyle = Automatic;
					};
				};
			};
			buildConfigurationList = 8D9797D51DF8138100DAB75A /* Build configuration list for PBXProject "PeakCoreData" */;
			compatibilityVersion = "Xcode 3.2";
			developmentRegion = en;
			hasScannedForEncodings = 0;
			knownRegions = (
				en,
				Base,
			);
			mainGroup = 8D9797D11DF8138100DAB75A;
			productRefGroup = 8D9797DC1DF8138100DAB75A /* Products */;
			projectDirPath = "";
			projectRoot = "";
			targets = (
				8D9797DA1DF8138100DAB75A /* PeakCoreData-iOS */,
				8D9797E31DF8138100DAB75A /* PeakCoreData-iOSTests */,
				186D30E222CB5F18003A5A8F /* PeakCoreData-macOS */,
				186D30EE22CB602E003A5A8F /* PeakCoreData-macOSTests */,
			);
		};
/* End PBXProject section */

/* Begin PBXResourcesBuildPhase section */
		186D30E122CB5F18003A5A8F /* Resources */ = {
			isa = PBXResourcesBuildPhase;
			buildActionMask = 2147483647;
			files = (
			);
			runOnlyForDeploymentPostprocessing = 0;
		};
		186D30ED22CB602E003A5A8F /* Resources */ = {
			isa = PBXResourcesBuildPhase;
			buildActionMask = 2147483647;
			files = (
			);
			runOnlyForDeploymentPostprocessing = 0;
		};
		8D9797D91DF8138100DAB75A /* Resources */ = {
			isa = PBXResourcesBuildPhase;
			buildActionMask = 2147483647;
			files = (
			);
			runOnlyForDeploymentPostprocessing = 0;
		};
		8D9797E21DF8138100DAB75A /* Resources */ = {
			isa = PBXResourcesBuildPhase;
			buildActionMask = 2147483647;
			files = (
			);
			runOnlyForDeploymentPostprocessing = 0;
		};
/* End PBXResourcesBuildPhase section */

/* Begin PBXShellScriptBuildPhase section */
		19F65CE53ED610EFAD1AF368 /* [CP] Check Pods Manifest.lock */ = {
			isa = PBXShellScriptBuildPhase;
			buildActionMask = 2147483647;
			files = (
			);
			inputFileListPaths = (
			);
			inputPaths = (
				"${PODS_PODFILE_DIR_PATH}/Podfile.lock",
				"${PODS_ROOT}/Manifest.lock",
			);
			name = "[CP] Check Pods Manifest.lock";
			outputFileListPaths = (
			);
			outputPaths = (
				"$(DERIVED_FILE_DIR)/Pods-PeakCoreData-macOSTests-checkManifestLockResult.txt",
			);
			runOnlyForDeploymentPostprocessing = 0;
			shellPath = /bin/sh;
			shellScript = "diff \"${PODS_PODFILE_DIR_PATH}/Podfile.lock\" \"${PODS_ROOT}/Manifest.lock\" > /dev/null\nif [ $? != 0 ] ; then\n    # print error to STDERR\n    echo \"error: The sandbox is not in sync with the Podfile.lock. Run 'pod install' or update your CocoaPods installation.\" >&2\n    exit 1\nfi\n# This output is used by Xcode 'outputs' to avoid re-running this script phase.\necho \"SUCCESS\" > \"${SCRIPT_OUTPUT_FILE_0}\"\n";
			showEnvVarsInLog = 0;
		};
		94A02BDB6334035E1A7B0AF7 /* [CP] Check Pods Manifest.lock */ = {
			isa = PBXShellScriptBuildPhase;
			buildActionMask = 2147483647;
			files = (
			);
			inputFileListPaths = (
			);
			inputPaths = (
				"${PODS_PODFILE_DIR_PATH}/Podfile.lock",
				"${PODS_ROOT}/Manifest.lock",
			);
			name = "[CP] Check Pods Manifest.lock";
			outputFileListPaths = (
			);
			outputPaths = (
				"$(DERIVED_FILE_DIR)/Pods-PeakCoreData-iOS-checkManifestLockResult.txt",
			);
			runOnlyForDeploymentPostprocessing = 0;
			shellPath = /bin/sh;
			shellScript = "diff \"${PODS_PODFILE_DIR_PATH}/Podfile.lock\" \"${PODS_ROOT}/Manifest.lock\" > /dev/null\nif [ $? != 0 ] ; then\n    # print error to STDERR\n    echo \"error: The sandbox is not in sync with the Podfile.lock. Run 'pod install' or update your CocoaPods installation.\" >&2\n    exit 1\nfi\n# This output is used by Xcode 'outputs' to avoid re-running this script phase.\necho \"SUCCESS\" > \"${SCRIPT_OUTPUT_FILE_0}\"\n";
			showEnvVarsInLog = 0;
		};
		D8BDF4375FFB676A23BDE45D /* [CP] Check Pods Manifest.lock */ = {
			isa = PBXShellScriptBuildPhase;
			buildActionMask = 2147483647;
			files = (
			);
			inputFileListPaths = (
			);
			inputPaths = (
				"${PODS_PODFILE_DIR_PATH}/Podfile.lock",
				"${PODS_ROOT}/Manifest.lock",
			);
			name = "[CP] Check Pods Manifest.lock";
			outputFileListPaths = (
			);
			outputPaths = (
				"$(DERIVED_FILE_DIR)/Pods-PeakCoreData-macOS-checkManifestLockResult.txt",
			);
			runOnlyForDeploymentPostprocessing = 0;
			shellPath = /bin/sh;
			shellScript = "diff \"${PODS_PODFILE_DIR_PATH}/Podfile.lock\" \"${PODS_ROOT}/Manifest.lock\" > /dev/null\nif [ $? != 0 ] ; then\n    # print error to STDERR\n    echo \"error: The sandbox is not in sync with the Podfile.lock. Run 'pod install' or update your CocoaPods installation.\" >&2\n    exit 1\nfi\n# This output is used by Xcode 'outputs' to avoid re-running this script phase.\necho \"SUCCESS\" > \"${SCRIPT_OUTPUT_FILE_0}\"\n";
			showEnvVarsInLog = 0;
		};
		FAF302D7CA67D7F1E9298BD2 /* [CP] Check Pods Manifest.lock */ = {
			isa = PBXShellScriptBuildPhase;
			buildActionMask = 2147483647;
			files = (
			);
			inputFileListPaths = (
			);
			inputPaths = (
				"${PODS_PODFILE_DIR_PATH}/Podfile.lock",
				"${PODS_ROOT}/Manifest.lock",
			);
			name = "[CP] Check Pods Manifest.lock";
			outputFileListPaths = (
			);
			outputPaths = (
				"$(DERIVED_FILE_DIR)/Pods-PeakCoreData-iOSTests-checkManifestLockResult.txt",
			);
			runOnlyForDeploymentPostprocessing = 0;
			shellPath = /bin/sh;
			shellScript = "diff \"${PODS_PODFILE_DIR_PATH}/Podfile.lock\" \"${PODS_ROOT}/Manifest.lock\" > /dev/null\nif [ $? != 0 ] ; then\n    # print error to STDERR\n    echo \"error: The sandbox is not in sync with the Podfile.lock. Run 'pod install' or update your CocoaPods installation.\" >&2\n    exit 1\nfi\n# This output is used by Xcode 'outputs' to avoid re-running this script phase.\necho \"SUCCESS\" > \"${SCRIPT_OUTPUT_FILE_0}\"\n";
			showEnvVarsInLog = 0;
		};
/* End PBXShellScriptBuildPhase section */

/* Begin PBXSourcesBuildPhase section */
		186D30DF22CB5F18003A5A8F /* Sources */ = {
			isa = PBXSourcesBuildPhase;
			buildActionMask = 2147483647;
			files = (
				636619A72476B395008E573D /* CoreDataBatchUpdateOperation.swift in Sources */,
				186D313A22CB849E003A5A8F /* FetchedDataProvider.swift in Sources */,
				186D312822CB651C003A5A8F /* ObjectDidChangeNotification.swift in Sources */,
				186D313522CB669E003A5A8F /* UniqueIdentifiable.swift in Sources */,
				186D312E22CB6521003A5A8F /* CoreDataToIntermediateOperation.swift in Sources */,
				186D312D22CB6521003A5A8F /* CoreDataSingleImportOperation.swift in Sources */,
				186D312B22CB6521003A5A8F /* CoreDataChangesetOperation.swift in Sources */,
				186D312922CB6521003A5A8F /* Changeset.swift in Sources */,
				186D312722CB651C003A5A8F /* ContextDidSaveNotification.swift in Sources */,
				186D313222CB669E003A5A8F /* ManagedObjectType.swift in Sources */,
				186D312C22CB6521003A5A8F /* CoreDataBatchImportOperation.swift in Sources */,
				186D312622CB6519003A5A8F /* ManagedObjectObserver.swift in Sources */,
				186D312422CB6510003A5A8F /* NSPredicate.swift in Sources */,
				186D311F22CB650B003A5A8F /* FetchedCollection.swift in Sources */,
				636619A62476B38F008E573D /* CoreDataBatchDeleteOperation.swift in Sources */,
				186D312322CB6510003A5A8F /* NSManagedObjectContext.swift in Sources */,
				18CD62BA22E8A327004F3E93 /* NSEntityDescription.swift in Sources */,
				186D313422CB669E003A5A8F /* PersistentContainerSettable.swift in Sources */,
				186D313B22CB84B7003A5A8F /* PeakCoreData+Aliases.swift in Sources */,
				186D312A22CB6521003A5A8F /* CoreDataOperation.swift in Sources */,
				186D313322CB669E003A5A8F /* ManagedObjectUpdatable.swift in Sources */,
				186D312522CB6519003A5A8F /* CountObserver.swift in Sources */,
			);
			runOnlyForDeploymentPostprocessing = 0;
		};
		186D30EB22CB602E003A5A8F /* Sources */ = {
			isa = PBXSourcesBuildPhase;
			buildActionMask = 2147483647;
			files = (
				186D311B22CB64FE003A5A8F /* TestEntity.swift in Sources */,
				6346D9F82436246D00521E6C /* ManagedObjectCacheTests.swift in Sources */,
				186D311722CB64F6003A5A8F /* ManagedObjectTypeTests.swift in Sources */,
				186D311222CB64F6003A5A8F /* CoreDataTests.swift in Sources */,
				186D311322CB64F6003A5A8F /* CountObserverTests.swift in Sources */,
				186D311A22CB64F6003A5A8F /* ProgressTests.swift in Sources */,
				186D311922CB64F6003A5A8F /* PredicateTests.swift in Sources */,
				186D311C22CB64FE003A5A8F /* AnotherEntity.swift in Sources */,
				186D311E22CB6500003A5A8F /* TestModel.xcdatamodeld in Sources */,
				186D311522CB64F6003A5A8F /* ManagedObjectContextTests.swift in Sources */,
				186D311422CB64F6003A5A8F /* FetchedCollectionTests.swift in Sources */,
				186D311622CB64F6003A5A8F /* ManagedObjectObserverTests.swift in Sources */,
				186D311D22CB64FE003A5A8F /* TestEntity+JSON.swift in Sources */,
				186D311822CB64F6003A5A8F /* OperationTests.swift in Sources */,
			);
			runOnlyForDeploymentPostprocessing = 0;
		};
		8D9797D61DF8138100DAB75A /* Sources */ = {
			isa = PBXSourcesBuildPhase;
			buildActionMask = 2147483647;
			files = (
				CBF972BB1E5DEF2100F37801 /* ManagedObjectUpdatable.swift in Sources */,
				8DFAC1111F79274B0015EDC0 /* Changeset.swift in Sources */,
				8D159B00205C01EE004D693A /* ContextDidSaveNotification.swift in Sources */,
				8DDAE2992056E113001D7521 /* CoreDataChangesetOperation.swift in Sources */,
				CBF972B51E5DEEFC00F37801 /* PersistentContainerSettable.swift in Sources */,
				CBF972B21E5DEE8700F37801 /* ManagedObjectType.swift in Sources */,
				636619A52476B36D008E573D /* CoreDataBatchDeleteOperation.swift in Sources */,
				18CD62B922E8A327004F3E93 /* NSEntityDescription.swift in Sources */,
				8DFAC10F1F7918420015EDC0 /* CoreDataSingleImportOperation.swift in Sources */,
				8D6B966F20501D87003D20C0 /* FetchedTableViewDataSource.swift in Sources */,
				636619A32476B361008E573D /* CoreDataBatchUpdateOperation.swift in Sources */,
				8D94662022146BF500B2197D /* NSPredicate.swift in Sources */,
				CBF972BE1E5DEF2900F37801 /* CoreDataBatchImportOperation.swift in Sources */,
				186D313922CB847F003A5A8F /* CollectionViewUpdatable.swift in Sources */,
				8D84C25F224CCF9C008C35D7 /* NSManagedObjectContext.swift in Sources */,
				8D84C263224CD83C008C35D7 /* CoreDataToIntermediateOperation.swift in Sources */,
				8D05BE6D2051518B00DE93AC /* FetchedDataProvider.swift in Sources */,
				8D821933205ACEAE00732777 /* CountObserver.swift in Sources */,
				186D313722CB8452003A5A8F /* TableViewUpdatable.swift in Sources */,
				CBF972A51E5DEE6D00F37801 /* CoreDataOperation.swift in Sources */,
				8D821931205AC7CA00732777 /* ObjectDidChangeNotification.swift in Sources */,
				CB13D8DE2058351C008B3678 /* FetchedCollection.swift in Sources */,
				CBF972B31E5DEE8700F37801 /* UniqueIdentifiable.swift in Sources */,
				6346D9F224360C8400521E6C /* ManagedObjectCache.swift in Sources */,
				6346D9F024360C4700521E6C /* Cache.swift in Sources */,
				8DB3C03F2050208400AE66DD /* FetchedCollectionViewDataSource.swift in Sources */,
				186D313122CB6567003A5A8F /* PeakCoreData+Aliases.swift in Sources */,
				8DFD6D66205A82F6008CFD28 /* ManagedObjectObserver.swift in Sources */,
			);
			runOnlyForDeploymentPostprocessing = 0;
		};
		8D9797E01DF8138100DAB75A /* Sources */ = {
			isa = PBXSourcesBuildPhase;
			buildActionMask = 2147483647;
			files = (
				186D311122CB64F5003A5A8F /* ProgressTests.swift in Sources */,
				6346D9F72436246D00521E6C /* ManagedObjectCacheTests.swift in Sources */,
				8D9798131DF815E400DAB75A /* TestEntity+JSON.swift in Sources */,
				8D9798121DF815E400DAB75A /* TestEntity.swift in Sources */,
				186D310B22CB64F5003A5A8F /* FetchedCollectionTests.swift in Sources */,
				8D159AFE205C001A004D693A /* AnotherEntity.swift in Sources */,
				8D9798171DF817CC00DAB75A /* TestModel.xcdatamodeld in Sources */,
				186D310D22CB64F5003A5A8F /* ManagedObjectObserverTests.swift in Sources */,
				186D310922CB64F5003A5A8F /* CoreDataTests.swift in Sources */,
				186D310C22CB64F5003A5A8F /* ManagedObjectContextTests.swift in Sources */,
				186D310E22CB64F5003A5A8F /* ManagedObjectTypeTests.swift in Sources */,
				186D310A22CB64F5003A5A8F /* CountObserverTests.swift in Sources */,
				186D310F22CB64F5003A5A8F /* OperationTests.swift in Sources */,
				186D311022CB64F5003A5A8F /* PredicateTests.swift in Sources */,
			);
			runOnlyForDeploymentPostprocessing = 0;
		};
/* End PBXSourcesBuildPhase section */

/* Begin PBXTargetDependency section */
		186D30F622CB602E003A5A8F /* PBXTargetDependency */ = {
			isa = PBXTargetDependency;
			target = 186D30E222CB5F18003A5A8F /* PeakCoreData-macOS */;
			targetProxy = 186D30F522CB602E003A5A8F /* PBXContainerItemProxy */;
		};
		8D9797E71DF8138100DAB75A /* PBXTargetDependency */ = {
			isa = PBXTargetDependency;
			target = 8D9797DA1DF8138100DAB75A /* PeakCoreData-iOS */;
			targetProxy = 8D9797E61DF8138100DAB75A /* PBXContainerItemProxy */;
		};
/* End PBXTargetDependency section */

/* Begin XCBuildConfiguration section */
		186D30E922CB5F18003A5A8F /* Debug */ = {
			isa = XCBuildConfiguration;
			baseConfigurationReference = 8DED6C0A29C2B13591E8FEA5 /* Pods-PeakCoreData-macOS.debug.xcconfig */;
			buildSettings = {
				CLANG_ANALYZER_NUMBER_OBJECT_CONVERSION = YES_AGGRESSIVE;
				CLANG_CXX_LANGUAGE_STANDARD = "gnu++14";
				CLANG_ENABLE_OBJC_WEAK = YES;
				CLANG_WARN_UNGUARDED_AVAILABILITY = YES_AGGRESSIVE;
				CODE_SIGN_IDENTITY = "-";
				CODE_SIGN_STYLE = Automatic;
				COMBINE_HIDPI_IMAGES = YES;
				DEFINES_MODULE = YES;
				DYLIB_COMPATIBILITY_VERSION = 1;
				DYLIB_CURRENT_VERSION = 1;
				DYLIB_INSTALL_NAME_BASE = "@rpath";
				FRAMEWORK_VERSION = A;
				GCC_C_LANGUAGE_STANDARD = gnu11;
				INFOPLIST_FILE = PeakCoreData/Platforms/macOS/Info.plist;
				INSTALL_PATH = "$(LOCAL_LIBRARY_DIR)/Frameworks";
				LD_RUNPATH_SEARCH_PATHS = "$(inherited) @executable_path/../Frameworks @loader_path/Frameworks";
				MACOSX_DEPLOYMENT_TARGET = 10.14;
				MARKETING_VERSION = 4.1.0;
				MTL_ENABLE_DEBUG_INFO = INCLUDE_SOURCE;
				MTL_FAST_MATH = YES;
				PRODUCT_BUNDLE_IDENTIFIER = "com.3squared.PeakCoreData-macOS";
				PRODUCT_NAME = "$(TARGET_NAME:c99extidentifier)";
				SDKROOT = macosx;
				SKIP_INSTALL = YES;
				SWIFT_VERSION = 5.0;
			};
			name = Debug;
		};
		186D30EA22CB5F18003A5A8F /* Release */ = {
			isa = XCBuildConfiguration;
			baseConfigurationReference = B5580EC50D3B3D2598D6C895 /* Pods-PeakCoreData-macOS.release.xcconfig */;
			buildSettings = {
				CLANG_ANALYZER_NUMBER_OBJECT_CONVERSION = YES_AGGRESSIVE;
				CLANG_CXX_LANGUAGE_STANDARD = "gnu++14";
				CLANG_ENABLE_OBJC_WEAK = YES;
				CLANG_WARN_UNGUARDED_AVAILABILITY = YES_AGGRESSIVE;
				CODE_SIGN_IDENTITY = "-";
				CODE_SIGN_STYLE = Automatic;
				COMBINE_HIDPI_IMAGES = YES;
				DEFINES_MODULE = YES;
				DYLIB_COMPATIBILITY_VERSION = 1;
				DYLIB_CURRENT_VERSION = 1;
				DYLIB_INSTALL_NAME_BASE = "@rpath";
				FRAMEWORK_VERSION = A;
				GCC_C_LANGUAGE_STANDARD = gnu11;
				INFOPLIST_FILE = PeakCoreData/Platforms/macOS/Info.plist;
				INSTALL_PATH = "$(LOCAL_LIBRARY_DIR)/Frameworks";
				LD_RUNPATH_SEARCH_PATHS = "$(inherited) @executable_path/../Frameworks @loader_path/Frameworks";
				MACOSX_DEPLOYMENT_TARGET = 10.14;
				MARKETING_VERSION = 4.1.0;
				MTL_FAST_MATH = YES;
				PRODUCT_BUNDLE_IDENTIFIER = "com.3squared.PeakCoreData-macOS";
				PRODUCT_NAME = "$(TARGET_NAME:c99extidentifier)";
				SDKROOT = macosx;
				SKIP_INSTALL = YES;
				SWIFT_VERSION = 5.0;
			};
			name = Release;
		};
		186D30F822CB602E003A5A8F /* Debug */ = {
			isa = XCBuildConfiguration;
			baseConfigurationReference = 6F1222CBE402AC7FD0C7226D /* Pods-PeakCoreData-macOSTests.debug.xcconfig */;
			buildSettings = {
				ALWAYS_EMBED_SWIFT_STANDARD_LIBRARIES = YES;
				CLANG_ANALYZER_NUMBER_OBJECT_CONVERSION = YES_AGGRESSIVE;
				CLANG_CXX_LANGUAGE_STANDARD = "gnu++14";
				CLANG_ENABLE_OBJC_WEAK = YES;
				CLANG_WARN_UNGUARDED_AVAILABILITY = YES_AGGRESSIVE;
				CODE_SIGN_IDENTITY = "-";
				CODE_SIGN_STYLE = Automatic;
				COMBINE_HIDPI_IMAGES = YES;
				GCC_C_LANGUAGE_STANDARD = gnu11;
				INFOPLIST_FILE = "Unit Tests/Platforms/macOS/Info.plist";
				LD_RUNPATH_SEARCH_PATHS = "$(inherited) @executable_path/../Frameworks @loader_path/../Frameworks";
				MACOSX_DEPLOYMENT_TARGET = 10.14;
				MTL_ENABLE_DEBUG_INFO = INCLUDE_SOURCE;
				MTL_FAST_MATH = YES;
				PRODUCT_BUNDLE_IDENTIFIER = "com.3squared.PeakCoreData-macOSTests";
				PRODUCT_NAME = "$(TARGET_NAME:c99extidentifier)";
				SDKROOT = macosx;
				SWIFT_VERSION = 5.0;
			};
			name = Debug;
		};
		186D30F922CB602E003A5A8F /* Release */ = {
			isa = XCBuildConfiguration;
			baseConfigurationReference = 13A37C27F8EB523942827C1A /* Pods-PeakCoreData-macOSTests.release.xcconfig */;
			buildSettings = {
				ALWAYS_EMBED_SWIFT_STANDARD_LIBRARIES = YES;
				CLANG_ANALYZER_NUMBER_OBJECT_CONVERSION = YES_AGGRESSIVE;
				CLANG_CXX_LANGUAGE_STANDARD = "gnu++14";
				CLANG_ENABLE_OBJC_WEAK = YES;
				CLANG_WARN_UNGUARDED_AVAILABILITY = YES_AGGRESSIVE;
				CODE_SIGN_IDENTITY = "-";
				CODE_SIGN_STYLE = Automatic;
				COMBINE_HIDPI_IMAGES = YES;
				GCC_C_LANGUAGE_STANDARD = gnu11;
				INFOPLIST_FILE = "Unit Tests/Platforms/macOS/Info.plist";
				LD_RUNPATH_SEARCH_PATHS = "$(inherited) @executable_path/../Frameworks @loader_path/../Frameworks";
				MACOSX_DEPLOYMENT_TARGET = 10.14;
				MTL_FAST_MATH = YES;
				PRODUCT_BUNDLE_IDENTIFIER = "com.3squared.PeakCoreData-macOSTests";
				PRODUCT_NAME = "$(TARGET_NAME:c99extidentifier)";
				SDKROOT = macosx;
				SWIFT_VERSION = 5.0;
			};
			name = Release;
		};
		8D9797ED1DF8138100DAB75A /* Debug */ = {
			isa = XCBuildConfiguration;
			buildSettings = {
				ALWAYS_SEARCH_USER_PATHS = NO;
				CLANG_ANALYZER_NONNULL = YES;
				CLANG_CXX_LANGUAGE_STANDARD = "gnu++0x";
				CLANG_CXX_LIBRARY = "libc++";
				CLANG_ENABLE_MODULES = YES;
				CLANG_ENABLE_OBJC_ARC = YES;
				CLANG_WARN_BLOCK_CAPTURE_AUTORELEASING = YES;
				CLANG_WARN_BOOL_CONVERSION = YES;
				CLANG_WARN_COMMA = YES;
				CLANG_WARN_CONSTANT_CONVERSION = YES;
				CLANG_WARN_DEPRECATED_OBJC_IMPLEMENTATIONS = YES;
				CLANG_WARN_DIRECT_OBJC_ISA_USAGE = YES_ERROR;
				CLANG_WARN_DOCUMENTATION_COMMENTS = YES;
				CLANG_WARN_EMPTY_BODY = YES;
				CLANG_WARN_ENUM_CONVERSION = YES;
				CLANG_WARN_INFINITE_RECURSION = YES;
				CLANG_WARN_INT_CONVERSION = YES;
				CLANG_WARN_NON_LITERAL_NULL_CONVERSION = YES;
				CLANG_WARN_OBJC_IMPLICIT_RETAIN_SELF = YES;
				CLANG_WARN_OBJC_LITERAL_CONVERSION = YES;
				CLANG_WARN_OBJC_ROOT_CLASS = YES_ERROR;
				CLANG_WARN_RANGE_LOOP_ANALYSIS = YES;
				CLANG_WARN_STRICT_PROTOTYPES = YES;
				CLANG_WARN_SUSPICIOUS_MOVE = YES;
				CLANG_WARN_SUSPICIOUS_MOVES = YES;
				CLANG_WARN_UNREACHABLE_CODE = YES;
				CLANG_WARN__DUPLICATE_METHOD_MATCH = YES;
				"CODE_SIGN_IDENTITY[sdk=iphoneos*]" = "iPhone Developer";
				COPY_PHASE_STRIP = NO;
				CURRENT_PROJECT_VERSION = 1;
				DEBUG_INFORMATION_FORMAT = dwarf;
				ENABLE_STRICT_OBJC_MSGSEND = YES;
				ENABLE_TESTABILITY = YES;
				GCC_C_LANGUAGE_STANDARD = gnu99;
				GCC_DYNAMIC_NO_PIC = NO;
				GCC_NO_COMMON_BLOCKS = YES;
				GCC_OPTIMIZATION_LEVEL = 0;
				GCC_PREPROCESSOR_DEFINITIONS = (
					"DEBUG=1",
					"$(inherited)",
				);
				GCC_WARN_64_TO_32_BIT_CONVERSION = YES;
				GCC_WARN_ABOUT_RETURN_TYPE = YES_ERROR;
				GCC_WARN_UNDECLARED_SELECTOR = YES;
				GCC_WARN_UNINITIALIZED_AUTOS = YES_AGGRESSIVE;
				GCC_WARN_UNUSED_FUNCTION = YES;
				GCC_WARN_UNUSED_VARIABLE = YES;
				IPHONEOS_DEPLOYMENT_TARGET = 10.0;
				MTL_ENABLE_DEBUG_INFO = YES;
				ONLY_ACTIVE_ARCH = YES;
				SDKROOT = iphoneos;
				SWIFT_ACTIVE_COMPILATION_CONDITIONS = DEBUG;
				SWIFT_OPTIMIZATION_LEVEL = "-Onone";
				TARGETED_DEVICE_FAMILY = "1,2";
				VERSIONING_SYSTEM = "apple-generic";
				VERSION_INFO_PREFIX = "";
			};
			name = Debug;
		};
		8D9797EE1DF8138100DAB75A /* Release */ = {
			isa = XCBuildConfiguration;
			buildSettings = {
				ALWAYS_SEARCH_USER_PATHS = NO;
				CLANG_ANALYZER_NONNULL = YES;
				CLANG_CXX_LANGUAGE_STANDARD = "gnu++0x";
				CLANG_CXX_LIBRARY = "libc++";
				CLANG_ENABLE_MODULES = YES;
				CLANG_ENABLE_OBJC_ARC = YES;
				CLANG_WARN_BLOCK_CAPTURE_AUTORELEASING = YES;
				CLANG_WARN_BOOL_CONVERSION = YES;
				CLANG_WARN_COMMA = YES;
				CLANG_WARN_CONSTANT_CONVERSION = YES;
				CLANG_WARN_DEPRECATED_OBJC_IMPLEMENTATIONS = YES;
				CLANG_WARN_DIRECT_OBJC_ISA_USAGE = YES_ERROR;
				CLANG_WARN_DOCUMENTATION_COMMENTS = YES;
				CLANG_WARN_EMPTY_BODY = YES;
				CLANG_WARN_ENUM_CONVERSION = YES;
				CLANG_WARN_INFINITE_RECURSION = YES;
				CLANG_WARN_INT_CONVERSION = YES;
				CLANG_WARN_NON_LITERAL_NULL_CONVERSION = YES;
				CLANG_WARN_OBJC_IMPLICIT_RETAIN_SELF = YES;
				CLANG_WARN_OBJC_LITERAL_CONVERSION = YES;
				CLANG_WARN_OBJC_ROOT_CLASS = YES_ERROR;
				CLANG_WARN_RANGE_LOOP_ANALYSIS = YES;
				CLANG_WARN_STRICT_PROTOTYPES = YES;
				CLANG_WARN_SUSPICIOUS_MOVE = YES;
				CLANG_WARN_SUSPICIOUS_MOVES = YES;
				CLANG_WARN_UNREACHABLE_CODE = YES;
				CLANG_WARN__DUPLICATE_METHOD_MATCH = YES;
				"CODE_SIGN_IDENTITY[sdk=iphoneos*]" = "iPhone Developer";
				COPY_PHASE_STRIP = NO;
				CURRENT_PROJECT_VERSION = 1;
				DEBUG_INFORMATION_FORMAT = "dwarf-with-dsym";
				ENABLE_NS_ASSERTIONS = NO;
				ENABLE_STRICT_OBJC_MSGSEND = YES;
				GCC_C_LANGUAGE_STANDARD = gnu99;
				GCC_NO_COMMON_BLOCKS = YES;
				GCC_WARN_64_TO_32_BIT_CONVERSION = YES;
				GCC_WARN_ABOUT_RETURN_TYPE = YES_ERROR;
				GCC_WARN_UNDECLARED_SELECTOR = YES;
				GCC_WARN_UNINITIALIZED_AUTOS = YES_AGGRESSIVE;
				GCC_WARN_UNUSED_FUNCTION = YES;
				GCC_WARN_UNUSED_VARIABLE = YES;
				IPHONEOS_DEPLOYMENT_TARGET = 10.0;
				MTL_ENABLE_DEBUG_INFO = NO;
				SDKROOT = iphoneos;
				SWIFT_OPTIMIZATION_LEVEL = "-Owholemodule";
				TARGETED_DEVICE_FAMILY = "1,2";
				VALIDATE_PRODUCT = YES;
				VERSIONING_SYSTEM = "apple-generic";
				VERSION_INFO_PREFIX = "";
			};
			name = Release;
		};
		8D9797F01DF8138100DAB75A /* Debug */ = {
			isa = XCBuildConfiguration;
			baseConfigurationReference = C8A49B12F9948B0FAF188C8A /* Pods-PeakCoreData-iOS.debug.xcconfig */;
			buildSettings = {
				CLANG_ENABLE_MODULES = YES;
				CODE_SIGN_IDENTITY = "";
				DEFINES_MODULE = YES;
				DEVELOPMENT_TEAM = VPQ4FHFFW8;
				DYLIB_COMPATIBILITY_VERSION = 1;
				DYLIB_CURRENT_VERSION = 1;
				DYLIB_INSTALL_NAME_BASE = "@rpath";
				INFOPLIST_FILE = PeakCoreData/Platforms/iOS/Info.plist;
				INSTALL_PATH = "$(LOCAL_LIBRARY_DIR)/Frameworks";
				IPHONEOS_DEPLOYMENT_TARGET = 10.0;
				LD_RUNPATH_SEARCH_PATHS = "$(inherited) @executable_path/Frameworks @loader_path/Frameworks";
				MARKETING_VERSION = 4.1.0;
				PRODUCT_BUNDLE_IDENTIFIER = com.3squared.PeakCoreData;
				PRODUCT_NAME = "$(TARGET_NAME:c99extidentifier)";
				SKIP_INSTALL = YES;
				SWIFT_OPTIMIZATION_LEVEL = "-Onone";
				SWIFT_VERSION = 5.0;
			};
			name = Debug;
		};
		8D9797F11DF8138100DAB75A /* Release */ = {
			isa = XCBuildConfiguration;
			baseConfigurationReference = D56D1E62973F7A9E51FFD0AD /* Pods-PeakCoreData-iOS.release.xcconfig */;
			buildSettings = {
				CLANG_ENABLE_MODULES = YES;
				CODE_SIGN_IDENTITY = "";
				DEFINES_MODULE = YES;
				DEVELOPMENT_TEAM = VPQ4FHFFW8;
				DYLIB_COMPATIBILITY_VERSION = 1;
				DYLIB_CURRENT_VERSION = 1;
				DYLIB_INSTALL_NAME_BASE = "@rpath";
				INFOPLIST_FILE = PeakCoreData/Platforms/iOS/Info.plist;
				INSTALL_PATH = "$(LOCAL_LIBRARY_DIR)/Frameworks";
				IPHONEOS_DEPLOYMENT_TARGET = 10.0;
				LD_RUNPATH_SEARCH_PATHS = "$(inherited) @executable_path/Frameworks @loader_path/Frameworks";
				MARKETING_VERSION = 4.1.0;
				PRODUCT_BUNDLE_IDENTIFIER = com.3squared.PeakCoreData;
				PRODUCT_NAME = "$(TARGET_NAME:c99extidentifier)";
				SKIP_INSTALL = YES;
				SWIFT_VERSION = 5.0;
			};
			name = Release;
		};
		8D9797F31DF8138100DAB75A /* Debug */ = {
			isa = XCBuildConfiguration;
			baseConfigurationReference = E306673428FB613A04993E64 /* Pods-PeakCoreData-iOSTests.debug.xcconfig */;
			buildSettings = {
				DEVELOPMENT_TEAM = VPQ4FHFFW8;
				INFOPLIST_FILE = "Unit Tests/Platforms/iOS/Info.plist";
				LD_RUNPATH_SEARCH_PATHS = "$(inherited) @executable_path/Frameworks @loader_path/Frameworks";
				PRODUCT_BUNDLE_IDENTIFIER = com.3squared.PeakCoreDataTests;
				PRODUCT_NAME = "$(TARGET_NAME:c99extidentifier)";
				SWIFT_VERSION = 5.0;
			};
			name = Debug;
		};
		8D9797F41DF8138100DAB75A /* Release */ = {
			isa = XCBuildConfiguration;
			baseConfigurationReference = 700FD15F5FA7E5B1E735EE88 /* Pods-PeakCoreData-iOSTests.release.xcconfig */;
			buildSettings = {
				DEVELOPMENT_TEAM = VPQ4FHFFW8;
				INFOPLIST_FILE = "Unit Tests/Platforms/iOS/Info.plist";
				LD_RUNPATH_SEARCH_PATHS = "$(inherited) @executable_path/Frameworks @loader_path/Frameworks";
				PRODUCT_BUNDLE_IDENTIFIER = com.3squared.PeakCoreDataTests;
				PRODUCT_NAME = "$(TARGET_NAME:c99extidentifier)";
				SWIFT_VERSION = 5.0;
			};
			name = Release;
		};
/* End XCBuildConfiguration section */

/* Begin XCConfigurationList section */
		186D30E822CB5F18003A5A8F /* Build configuration list for PBXNativeTarget "PeakCoreData-macOS" */ = {
			isa = XCConfigurationList;
			buildConfigurations = (
				186D30E922CB5F18003A5A8F /* Debug */,
				186D30EA22CB5F18003A5A8F /* Release */,
			);
			defaultConfigurationIsVisible = 0;
			defaultConfigurationName = Release;
		};
		186D30F722CB602E003A5A8F /* Build configuration list for PBXNativeTarget "PeakCoreData-macOSTests" */ = {
			isa = XCConfigurationList;
			buildConfigurations = (
				186D30F822CB602E003A5A8F /* Debug */,
				186D30F922CB602E003A5A8F /* Release */,
			);
			defaultConfigurationIsVisible = 0;
			defaultConfigurationName = Release;
		};
		8D9797D51DF8138100DAB75A /* Build configuration list for PBXProject "PeakCoreData" */ = {
			isa = XCConfigurationList;
			buildConfigurations = (
				8D9797ED1DF8138100DAB75A /* Debug */,
				8D9797EE1DF8138100DAB75A /* Release */,
			);
			defaultConfigurationIsVisible = 0;
			defaultConfigurationName = Release;
		};
		8D9797EF1DF8138100DAB75A /* Build configuration list for PBXNativeTarget "PeakCoreData-iOS" */ = {
			isa = XCConfigurationList;
			buildConfigurations = (
				8D9797F01DF8138100DAB75A /* Debug */,
				8D9797F11DF8138100DAB75A /* Release */,
			);
			defaultConfigurationIsVisible = 0;
			defaultConfigurationName = Release;
		};
		8D9797F21DF8138100DAB75A /* Build configuration list for PBXNativeTarget "PeakCoreData-iOSTests" */ = {
			isa = XCConfigurationList;
			buildConfigurations = (
				8D9797F31DF8138100DAB75A /* Debug */,
				8D9797F41DF8138100DAB75A /* Release */,
			);
			defaultConfigurationIsVisible = 0;
			defaultConfigurationName = Release;
		};
/* End XCConfigurationList section */

/* Begin XCVersionGroup section */
		8D9798151DF817CC00DAB75A /* TestModel.xcdatamodeld */ = {
			isa = XCVersionGroup;
			children = (
				8D9798161DF817CC00DAB75A /* TestModel.xcdatamodel */,
			);
			currentVersion = 8D9798161DF817CC00DAB75A /* TestModel.xcdatamodel */;
			path = TestModel.xcdatamodeld;
			sourceTree = "<group>";
			versionGroupType = wrapper.xcdatamodel;
		};
/* End XCVersionGroup section */
	};
	rootObject = 8D9797D21DF8138100DAB75A /* Project object */;
}
