// !$*UTF8*$!
{
	archiveVersion = 1;
	classes = {
	};
	objectVersion = 52;
	objects = {

/* Begin PBXBuildFile section */
		8D115B302523908B00C0B75C /* AppDelegate.swift in Sources */ = {isa = PBXBuildFile; fileRef = 8D115B2F2523908B00C0B75C /* AppDelegate.swift */; };
		8D115B322523908B00C0B75C /* SceneDelegate.swift in Sources */ = {isa = PBXBuildFile; fileRef = 8D115B312523908B00C0B75C /* SceneDelegate.swift */; };
		8D115B3C2523908C00C0B75C /* Assets.xcassets in Resources */ = {isa = PBXBuildFile; fileRef = 8D115B3B2523908C00C0B75C /* Assets.xcassets */; };
		8D115B3F2523908C00C0B75C /* LaunchScreen.storyboard in Resources */ = {isa = PBXBuildFile; fileRef = 8D115B3D2523908C00C0B75C /* LaunchScreen.storyboard */; };
		8D1BA2BB252391F200E673D8 /* PeakCoreData in Frameworks */ = {isa = PBXBuildFile; productRef = 8D1BA2BA252391F200E673D8 /* PeakCoreData */; };
		8D6DB74F25246F99003F8FD5 /* Main.storyboard in Resources */ = {isa = PBXBuildFile; fileRef = 8D6DB74E25246F99003F8FD5 /* Main.storyboard */; };
		8D6DB75625246FD5003F8FD5 /* PeakCoreDataExample.xcdatamodeld in Sources */ = {isa = PBXBuildFile; fileRef = 8D6DB75225246FD5003F8FD5 /* PeakCoreDataExample.xcdatamodeld */; };
		8D6DB75725246FD5003F8FD5 /* Event.swift in Sources */ = {isa = PBXBuildFile; fileRef = 8D6DB75425246FD5003F8FD5 /* Event.swift */; };
		8D6DB75825246FD5003F8FD5 /* Person.swift in Sources */ = {isa = PBXBuildFile; fileRef = 8D6DB75525246FD5003F8FD5 /* Person.swift */; };
		8D6DB76025247004003F8FD5 /* EventsCollectionViewController.swift in Sources */ = {isa = PBXBuildFile; fileRef = 8D6DB75D25247004003F8FD5 /* EventsCollectionViewController.swift */; };
		8D6DB76125247004003F8FD5 /* EventDetailViewController.swift in Sources */ = {isa = PBXBuildFile; fileRef = 8D6DB75E25247004003F8FD5 /* EventDetailViewController.swift */; };
		8D6DB76225247004003F8FD5 /* EventsTableViewController.swift in Sources */ = {isa = PBXBuildFile; fileRef = 8D6DB75F25247004003F8FD5 /* EventsTableViewController.swift */; };
		8D6DB76B25247018003F8FD5 /* EmptyView.swift in Sources */ = {isa = PBXBuildFile; fileRef = 8D6DB76625247018003F8FD5 /* EmptyView.swift */; };
		8D6DB76C25247018003F8FD5 /* EmptyView.xib in Resources */ = {isa = PBXBuildFile; fileRef = 8D6DB76725247018003F8FD5 /* EmptyView.xib */; };
		8D6DB76D25247018003F8FD5 /* AttendeeTableViewCell.swift in Sources */ = {isa = PBXBuildFile; fileRef = 8D6DB76825247018003F8FD5 /* AttendeeTableViewCell.swift */; };
		8D6DB76E25247018003F8FD5 /* EventCollectionViewCell.swift in Sources */ = {isa = PBXBuildFile; fileRef = 8D6DB76925247018003F8FD5 /* EventCollectionViewCell.swift */; };
		8D6DB76F25247018003F8FD5 /* EventTableViewCell.swift in Sources */ = {isa = PBXBuildFile; fileRef = 8D6DB76A25247018003F8FD5 /* EventTableViewCell.swift */; };
/* End PBXBuildFile section */

/* Begin PBXFileReference section */
		8D115B2C2523908B00C0B75C /* PeakCoreDataExample.app */ = {isa = PBXFileReference; explicitFileType = wrapper.application; includeInIndex = 0; path = PeakCoreDataExample.app; sourceTree = BUILT_PRODUCTS_DIR; };
		8D115B2F2523908B00C0B75C /* AppDelegate.swift */ = {isa = PBXFileReference; lastKnownFileType = sourcecode.swift; path = AppDelegate.swift; sourceTree = "<group>"; };
		8D115B312523908B00C0B75C /* SceneDelegate.swift */ = {isa = PBXFileReference; lastKnownFileType = sourcecode.swift; path = SceneDelegate.swift; sourceTree = "<group>"; };
		8D115B3B2523908C00C0B75C /* Assets.xcassets */ = {isa = PBXFileReference; lastKnownFileType = folder.assetcatalog; path = Assets.xcassets; sourceTree = "<group>"; };
		8D115B3E2523908C00C0B75C /* Base */ = {isa = PBXFileReference; lastKnownFileType = file.storyboard; name = Base; path = Base.lproj/LaunchScreen.storyboard; sourceTree = "<group>"; };
		8D115B402523908C00C0B75C /* Info.plist */ = {isa = PBXFileReference; lastKnownFileType = text.plist.xml; path = Info.plist; sourceTree = "<group>"; };
		8D1BA2B7252391DC00E673D8 /* PeakCoreData */ = {isa = PBXFileReference; lastKnownFileType = folder; name = PeakCoreData; path = ../..; sourceTree = "<group>"; };
		8D6DB74E25246F99003F8FD5 /* Main.storyboard */ = {isa = PBXFileReference; fileEncoding = 4; lastKnownFileType = file.storyboard; path = Main.storyboard; sourceTree = "<group>"; };
		8D6DB75325246FD5003F8FD5 /* THRCoreDataExample.xcdatamodel */ = {isa = PBXFileReference; lastKnownFileType = wrapper.xcdatamodel; path = THRCoreDataExample.xcdatamodel; sourceTree = "<group>"; };
		8D6DB75425246FD5003F8FD5 /* Event.swift */ = {isa = PBXFileReference; fileEncoding = 4; lastKnownFileType = sourcecode.swift; path = Event.swift; sourceTree = "<group>"; };
		8D6DB75525246FD5003F8FD5 /* Person.swift */ = {isa = PBXFileReference; fileEncoding = 4; lastKnownFileType = sourcecode.swift; path = Person.swift; sourceTree = "<group>"; };
		8D6DB75D25247004003F8FD5 /* EventsCollectionViewController.swift */ = {isa = PBXFileReference; fileEncoding = 4; lastKnownFileType = sourcecode.swift; path = EventsCollectionViewController.swift; sourceTree = "<group>"; };
		8D6DB75E25247004003F8FD5 /* EventDetailViewController.swift */ = {isa = PBXFileReference; fileEncoding = 4; lastKnownFileType = sourcecode.swift; path = EventDetailViewController.swift; sourceTree = "<group>"; };
		8D6DB75F25247004003F8FD5 /* EventsTableViewController.swift */ = {isa = PBXFileReference; fileEncoding = 4; lastKnownFileType = sourcecode.swift; path = EventsTableViewController.swift; sourceTree = "<group>"; };
		8D6DB76625247018003F8FD5 /* EmptyView.swift */ = {isa = PBXFileReference; fileEncoding = 4; lastKnownFileType = sourcecode.swift; path = EmptyView.swift; sourceTree = "<group>"; };
		8D6DB76725247018003F8FD5 /* EmptyView.xib */ = {isa = PBXFileReference; fileEncoding = 4; lastKnownFileType = file.xib; path = EmptyView.xib; sourceTree = "<group>"; };
		8D6DB76825247018003F8FD5 /* AttendeeTableViewCell.swift */ = {isa = PBXFileReference; fileEncoding = 4; lastKnownFileType = sourcecode.swift; path = AttendeeTableViewCell.swift; sourceTree = "<group>"; };
		8D6DB76925247018003F8FD5 /* EventCollectionViewCell.swift */ = {isa = PBXFileReference; fileEncoding = 4; lastKnownFileType = sourcecode.swift; path = EventCollectionViewCell.swift; sourceTree = "<group>"; };
		8D6DB76A25247018003F8FD5 /* EventTableViewCell.swift */ = {isa = PBXFileReference; fileEncoding = 4; lastKnownFileType = sourcecode.swift; path = EventTableViewCell.swift; sourceTree = "<group>"; };
/* End PBXFileReference section */

/* Begin PBXFrameworksBuildPhase section */
		8D115B292523908B00C0B75C /* Frameworks */ = {
			isa = PBXFrameworksBuildPhase;
			buildActionMask = 2147483647;
			files = (
				8D1BA2BB252391F200E673D8 /* PeakCoreData in Frameworks */,
			);
			runOnlyForDeploymentPostprocessing = 0;
		};
/* End PBXFrameworksBuildPhase section */

/* Begin PBXGroup section */
		8D115B232523908B00C0B75C = {
			isa = PBXGroup;
			children = (
				8D1BA2B7252391DC00E673D8 /* PeakCoreData */,
				8D115B2E2523908B00C0B75C /* PeakCoreDataExample */,
				8D115B2D2523908B00C0B75C /* Products */,
				8D1BA2B9252391F200E673D8 /* Frameworks */,
			);
			sourceTree = "<group>";
		};
		8D115B2D2523908B00C0B75C /* Products */ = {
			isa = PBXGroup;
			children = (
				8D115B2C2523908B00C0B75C /* PeakCoreDataExample.app */,
			);
			name = Products;
			sourceTree = "<group>";
		};
		8D115B2E2523908B00C0B75C /* PeakCoreDataExample */ = {
			isa = PBXGroup;
			children = (
				8D115B2F2523908B00C0B75C /* AppDelegate.swift */,
				8D115B312523908B00C0B75C /* SceneDelegate.swift */,
				8D115B3B2523908C00C0B75C /* Assets.xcassets */,
				8D115B402523908C00C0B75C /* Info.plist */,
				8D6DB75A25246FEC003F8FD5 /* Model */,
				8D6DB77325247028003F8FD5 /* Storyboards */,
				8D6DB76425247008003F8FD5 /* View Controllers */,
				8D6DB7712524701D003F8FD5 /* Views */,
			);
			path = PeakCoreDataExample;
			sourceTree = "<group>";
		};
		8D1BA2B9252391F200E673D8 /* Frameworks */ = {
			isa = PBXGroup;
			children = (
			);
			name = Frameworks;
			sourceTree = "<group>";
		};
		8D6DB75A25246FEC003F8FD5 /* Model */ = {
			isa = PBXGroup;
			children = (
				8D6DB75425246FD5003F8FD5 /* Event.swift */,
				8D6DB75225246FD5003F8FD5 /* PeakCoreDataExample.xcdatamodeld */,
				8D6DB75525246FD5003F8FD5 /* Person.swift */,
			);
			path = Model;
			sourceTree = "<group>";
		};
		8D6DB76425247008003F8FD5 /* View Controllers */ = {
			isa = PBXGroup;
			children = (
				8D6DB75E25247004003F8FD5 /* EventDetailViewController.swift */,
				8D6DB75D25247004003F8FD5 /* EventsCollectionViewController.swift */,
				8D6DB75F25247004003F8FD5 /* EventsTableViewController.swift */,
			);
			path = "View Controllers";
			sourceTree = "<group>";
		};
		8D6DB7712524701D003F8FD5 /* Views */ = {
			isa = PBXGroup;
			children = (
				8D6DB76825247018003F8FD5 /* AttendeeTableViewCell.swift */,
				8D6DB76625247018003F8FD5 /* EmptyView.swift */,
				8D6DB76725247018003F8FD5 /* EmptyView.xib */,
				8D6DB76925247018003F8FD5 /* EventCollectionViewCell.swift */,
				8D6DB76A25247018003F8FD5 /* EventTableViewCell.swift */,
			);
			path = Views;
			sourceTree = "<group>";
		};
		8D6DB77325247028003F8FD5 /* Storyboards */ = {
			isa = PBXGroup;
			children = (
				8D6DB74E25246F99003F8FD5 /* Main.storyboard */,
				8D115B3D2523908C00C0B75C /* LaunchScreen.storyboard */,
			);
			path = Storyboards;
			sourceTree = "<group>";
		};
/* End PBXGroup section */

/* Begin PBXNativeTarget section */
		8D115B2B2523908B00C0B75C /* PeakCoreDataExample */ = {
			isa = PBXNativeTarget;
			buildConfigurationList = 8D115B432523908C00C0B75C /* Build configuration list for PBXNativeTarget "PeakCoreDataExample" */;
			buildPhases = (
				8D115B282523908B00C0B75C /* Sources */,
				8D115B292523908B00C0B75C /* Frameworks */,
				8D115B2A2523908B00C0B75C /* Resources */,
			);
			buildRules = (
			);
			dependencies = (
			);
			name = PeakCoreDataExample;
			packageProductDependencies = (
				8D1BA2BA252391F200E673D8 /* PeakCoreData */,
			);
			productName = PeakCoreDataExample;
			productReference = 8D115B2C2523908B00C0B75C /* PeakCoreDataExample.app */;
			productType = "com.apple.product-type.application";
		};
/* End PBXNativeTarget section */

/* Begin PBXProject section */
		8D115B242523908B00C0B75C /* Project object */ = {
			isa = PBXProject;
			attributes = {
				LastSwiftUpdateCheck = 1200;
				LastUpgradeCheck = 1200;
				TargetAttributes = {
					8D115B2B2523908B00C0B75C = {
						CreatedOnToolsVersion = 12.0.1;
					};
				};
			};
			buildConfigurationList = 8D115B272523908B00C0B75C /* Build configuration list for PBXProject "PeakCoreDataExample" */;
			compatibilityVersion = "Xcode 9.3";
			developmentRegion = en;
			hasScannedForEncodings = 0;
			knownRegions = (
				en,
				Base,
			);
			mainGroup = 8D115B232523908B00C0B75C;
			productRefGroup = 8D115B2D2523908B00C0B75C /* Products */;
			projectDirPath = "";
			projectRoot = "";
			targets = (
				8D115B2B2523908B00C0B75C /* PeakCoreDataExample */,
			);
		};
/* End PBXProject section */

/* Begin PBXResourcesBuildPhase section */
		8D115B2A2523908B00C0B75C /* Resources */ = {
			isa = PBXResourcesBuildPhase;
			buildActionMask = 2147483647;
			files = (
				8D6DB76C25247018003F8FD5 /* EmptyView.xib in Resources */,
				8D6DB74F25246F99003F8FD5 /* Main.storyboard in Resources */,
				8D115B3F2523908C00C0B75C /* LaunchScreen.storyboard in Resources */,
				8D115B3C2523908C00C0B75C /* Assets.xcassets in Resources */,
			);
			runOnlyForDeploymentPostprocessing = 0;
		};
/* End PBXResourcesBuildPhase section */

/* Begin PBXSourcesBuildPhase section */
		8D115B282523908B00C0B75C /* Sources */ = {
			isa = PBXSourcesBuildPhase;
			buildActionMask = 2147483647;
			files = (
				8D6DB76F25247018003F8FD5 /* EventTableViewCell.swift in Sources */,
				8D6DB75825246FD5003F8FD5 /* Person.swift in Sources */,
				8D6DB76B25247018003F8FD5 /* EmptyView.swift in Sources */,
				8D6DB76025247004003F8FD5 /* EventsCollectionViewController.swift in Sources */,
				8D6DB75625246FD5003F8FD5 /* PeakCoreDataExample.xcdatamodeld in Sources */,
				8D115B302523908B00C0B75C /* AppDelegate.swift in Sources */,
				8D6DB76E25247018003F8FD5 /* EventCollectionViewCell.swift in Sources */,
				8D6DB76D25247018003F8FD5 /* AttendeeTableViewCell.swift in Sources */,
				8D115B322523908B00C0B75C /* SceneDelegate.swift in Sources */,
				8D6DB76125247004003F8FD5 /* EventDetailViewController.swift in Sources */,
				8D6DB76225247004003F8FD5 /* EventsTableViewController.swift in Sources */,
				8D6DB75725246FD5003F8FD5 /* Event.swift in Sources */,
			);
			runOnlyForDeploymentPostprocessing = 0;
		};
/* End PBXSourcesBuildPhase section */

/* Begin PBXVariantGroup section */
		8D115B3D2523908C00C0B75C /* LaunchScreen.storyboard */ = {
			isa = PBXVariantGroup;
			children = (
				8D115B3E2523908C00C0B75C /* Base */,
			);
			name = LaunchScreen.storyboard;
			sourceTree = "<group>";
		};
/* End PBXVariantGroup section */

/* Begin XCBuildConfiguration section */
		8D115B412523908C00C0B75C /* Debug */ = {
			isa = XCBuildConfiguration;
			buildSettings = {
				ALWAYS_SEARCH_USER_PATHS = NO;
				CLANG_ANALYZER_NONNULL = YES;
				CLANG_ANALYZER_NUMBER_OBJECT_CONVERSION = YES_AGGRESSIVE;
				CLANG_CXX_LANGUAGE_STANDARD = "gnu++14";
				CLANG_CXX_LIBRARY = "libc++";
				CLANG_ENABLE_MODULES = YES;
				CLANG_ENABLE_OBJC_ARC = YES;
				CLANG_ENABLE_OBJC_WEAK = YES;
				CLANG_WARN_BLOCK_CAPTURE_AUTORELEASING = YES;
				CLANG_WARN_BOOL_CONVERSION = YES;
				CLANG_WARN_COMMA = YES;
				CLANG_WARN_CONSTANT_CONVERSION = YES;
				CLANG_WARN_DEPRECATED_OBJC_IMPLEMENTATIONS = YES;
				CLANG_WARN_DIRECT_OBJC_ISA_USAGE = YES_ERROR;
				CLANG_WARN_DOCUMENTATION_COMMENTS = YES;
				CLANG_WARN_EMPTY_BODY = YES;
				CLANG_WARN_ENUM_CONVERSION = YES;
				CLANG_WARN_INFINITE_RECURSION = YES;
				CLANG_WARN_INT_CONVERSION = YES;
				CLANG_WARN_NON_LITERAL_NULL_CONVERSION = YES;
				CLANG_WARN_OBJC_IMPLICIT_RETAIN_SELF = YES;
				CLANG_WARN_OBJC_LITERAL_CONVERSION = YES;
				CLANG_WARN_OBJC_ROOT_CLASS = YES_ERROR;
				CLANG_WARN_QUOTED_INCLUDE_IN_FRAMEWORK_HEADER = YES;
				CLANG_WARN_RANGE_LOOP_ANALYSIS = YES;
				CLANG_WARN_STRICT_PROTOTYPES = YES;
				CLANG_WARN_SUSPICIOUS_MOVE = YES;
				CLANG_WARN_UNGUARDED_AVAILABILITY = YES_AGGRESSIVE;
				CLANG_WARN_UNREACHABLE_CODE = YES;
				CLANG_WARN__DUPLICATE_METHOD_MATCH = YES;
				COPY_PHASE_STRIP = NO;
				DEBUG_INFORMATION_FORMAT = dwarf;
				ENABLE_STRICT_OBJC_MSGSEND = YES;
				ENABLE_TESTABILITY = YES;
				GCC_C_LANGUAGE_STANDARD = gnu11;
				GCC_DYNAMIC_NO_PIC = NO;
				GCC_NO_COMMON_BLOCKS = YES;
				GCC_OPTIMIZATION_LEVEL = 0;
				GCC_PREPROCESSOR_DEFINITIONS = (
					"DEBUG=1",
					"$(inherited)",
				);
				GCC_WARN_64_TO_32_BIT_CONVERSION = YES;
				GCC_WARN_ABOUT_RETURN_TYPE = YES_ERROR;
				GCC_WARN_UNDECLARED_SELECTOR = YES;
				GCC_WARN_UNINITIALIZED_AUTOS = YES_AGGRESSIVE;
				GCC_WARN_UNUSED_FUNCTION = YES;
				GCC_WARN_UNUSED_VARIABLE = YES;
				IPHONEOS_DEPLOYMENT_TARGET = 14.0;
				MTL_ENABLE_DEBUG_INFO = INCLUDE_SOURCE;
				MTL_FAST_MATH = YES;
				ONLY_ACTIVE_ARCH = YES;
				SDKROOT = iphoneos;
				SWIFT_ACTIVE_COMPILATION_CONDITIONS = DEBUG;
				SWIFT_OPTIMIZATION_LEVEL = "-Onone";
			};
			name = Debug;
		};
		8D115B422523908C00C0B75C /* Release */ = {
			isa = XCBuildConfiguration;
			buildSettings = {
				ALWAYS_SEARCH_USER_PATHS = NO;
				CLANG_ANALYZER_NONNULL = YES;
				CLANG_ANALYZER_NUMBER_OBJECT_CONVERSION = YES_AGGRESSIVE;
				CLANG_CXX_LANGUAGE_STANDARD = "gnu++14";
				CLANG_CXX_LIBRARY = "libc++";
				CLANG_ENABLE_MODULES = YES;
				CLANG_ENABLE_OBJC_ARC = YES;
				CLANG_ENABLE_OBJC_WEAK = YES;
				CLANG_WARN_BLOCK_CAPTURE_AUTORELEASING = YES;
				CLANG_WARN_BOOL_CONVERSION = YES;
				CLANG_WARN_COMMA = YES;
				CLANG_WARN_CONSTANT_CONVERSION = YES;
				CLANG_WARN_DEPRECATED_OBJC_IMPLEMENTATIONS = YES;
				CLANG_WARN_DIRECT_OBJC_ISA_USAGE = YES_ERROR;
				CLANG_WARN_DOCUMENTATION_COMMENTS = YES;
				CLANG_WARN_EMPTY_BODY = YES;
				CLANG_WARN_ENUM_CONVERSION = YES;
				CLANG_WARN_INFINITE_RECURSION = YES;
				CLANG_WARN_INT_CONVERSION = YES;
				CLANG_WARN_NON_LITERAL_NULL_CONVERSION = YES;
				CLANG_WARN_OBJC_IMPLICIT_RETAIN_SELF = YES;
				CLANG_WARN_OBJC_LITERAL_CONVERSION = YES;
				CLANG_WARN_OBJC_ROOT_CLASS = YES_ERROR;
				CLANG_WARN_QUOTED_INCLUDE_IN_FRAMEWORK_HEADER = YES;
				CLANG_WARN_RANGE_LOOP_ANALYSIS = YES;
				CLANG_WARN_STRICT_PROTOTYPES = YES;
				CLANG_WARN_SUSPICIOUS_MOVE = YES;
				CLANG_WARN_UNGUARDED_AVAILABILITY = YES_AGGRESSIVE;
				CLANG_WARN_UNREACHABLE_CODE = YES;
				CLANG_WARN__DUPLICATE_METHOD_MATCH = YES;
				COPY_PHASE_STRIP = NO;
				DEBUG_INFORMATION_FORMAT = "dwarf-with-dsym";
				ENABLE_NS_ASSERTIONS = NO;
				ENABLE_STRICT_OBJC_MSGSEND = YES;
				GCC_C_LANGUAGE_STANDARD = gnu11;
				GCC_NO_COMMON_BLOCKS = YES;
				GCC_WARN_64_TO_32_BIT_CONVERSION = YES;
				GCC_WARN_ABOUT_RETURN_TYPE = YES_ERROR;
				GCC_WARN_UNDECLARED_SELECTOR = YES;
				GCC_WARN_UNINITIALIZED_AUTOS = YES_AGGRESSIVE;
				GCC_WARN_UNUSED_FUNCTION = YES;
				GCC_WARN_UNUSED_VARIABLE = YES;
				IPHONEOS_DEPLOYMENT_TARGET = 14.0;
				MTL_ENABLE_DEBUG_INFO = NO;
				MTL_FAST_MATH = YES;
				SDKROOT = iphoneos;
				SWIFT_COMPILATION_MODE = wholemodule;
				SWIFT_OPTIMIZATION_LEVEL = "-O";
				VALIDATE_PRODUCT = YES;
			};
			name = Release;
		};
		8D115B442523908C00C0B75C /* Debug */ = {
			isa = XCBuildConfiguration;
			buildSettings = {
				ASSETCATALOG_COMPILER_APPICON_NAME = AppIcon;
				ASSETCATALOG_COMPILER_GLOBAL_ACCENT_COLOR_NAME = AccentColor;
				CODE_SIGN_STYLE = Automatic;
				DEVELOPMENT_TEAM = VPQ4FHFFW8;
				INFOPLIST_FILE = PeakCoreDataExample/Info.plist;
				LD_RUNPATH_SEARCH_PATHS = (
					"$(inherited)",
					"@executable_path/Frameworks",
				);
				PRODUCT_BUNDLE_IDENTIFIER = com.3squared.PeakCoreDataExample;
				PRODUCT_NAME = "$(TARGET_NAME)";
				SWIFT_VERSION = 5.0;
				TARGETED_DEVICE_FAMILY = "1,2";
			};
			name = Debug;
		};
		8D115B452523908C00C0B75C /* Release */ = {
			isa = XCBuildConfiguration;
			buildSettings = {
				ASSETCATALOG_COMPILER_APPICON_NAME = AppIcon;
				ASSETCATALOG_COMPILER_GLOBAL_ACCENT_COLOR_NAME = AccentColor;
				CODE_SIGN_STYLE = Automatic;
				DEVELOPMENT_TEAM = VPQ4FHFFW8;
				INFOPLIST_FILE = PeakCoreDataExample/Info.plist;
				LD_RUNPATH_SEARCH_PATHS = (
					"$(inherited)",
					"@executable_path/Frameworks",
				);
				PRODUCT_BUNDLE_IDENTIFIER = com.3squared.PeakCoreDataExample;
				PRODUCT_NAME = "$(TARGET_NAME)";
				SWIFT_VERSION = 5.0;
				TARGETED_DEVICE_FAMILY = "1,2";
			};
			name = Release;
		};
/* End XCBuildConfiguration section */

/* Begin XCConfigurationList section */
		8D115B272523908B00C0B75C /* Build configuration list for PBXProject "PeakCoreDataExample" */ = {
			isa = XCConfigurationList;
			buildConfigurations = (
				8D115B412523908C00C0B75C /* Debug */,
				8D115B422523908C00C0B75C /* Release */,
			);
			defaultConfigurationIsVisible = 0;
			defaultConfigurationName = Release;
		};
		8D115B432523908C00C0B75C /* Build configuration list for PBXNativeTarget "PeakCoreDataExample" */ = {
			isa = XCConfigurationList;
			buildConfigurations = (
				8D115B442523908C00C0B75C /* Debug */,
				8D115B452523908C00C0B75C /* Release */,
			);
			defaultConfigurationIsVisible = 0;
			defaultConfigurationName = Release;
		};
/* End XCConfigurationList section */

/* Begin XCSwiftPackageProductDependency section */
		8D1BA2BA252391F200E673D8 /* PeakCoreData */ = {
			isa = XCSwiftPackageProductDependency;
			productName = PeakCoreData;
		};
/* End XCSwiftPackageProductDependency section */

/* Begin XCVersionGroup section */
		8D6DB75225246FD5003F8FD5 /* PeakCoreDataExample.xcdatamodeld */ = {
			isa = XCVersionGroup;
			children = (
				8D6DB75325246FD5003F8FD5 /* THRCoreDataExample.xcdatamodel */,
			);
			currentVersion = 8D6DB75325246FD5003F8FD5 /* THRCoreDataExample.xcdatamodel */;
			path = PeakCoreDataExample.xcdatamodeld;
			sourceTree = "<group>";
			versionGroupType = wrapper.xcdatamodel;
		};
/* End XCVersionGroup section */
	};
	rootObject = 8D115B242523908B00C0B75C /* Project object */;
}
