PODS:
  - PeakCoreData (4.1.0):
    - PeakOperation
  - PeakOperation (4.0.1)

DEPENDENCIES:
  - PeakCoreData (from `../../`)

SPEC REPOS:
  trunk:
    - PeakOperation

EXTERNAL SOURCES:
  PeakCoreData:
    :path: "../../"

SPEC CHECKSUMS:
  PeakCoreData: 99c8dcd7dacc0e8fc7515df78aed7956e5057652
  PeakOperation: 2daa37ac7f2beffaa9f0e847d5cee35247e6c29b

PODFILE CHECKSUM: f7fd9b25a91b9894cd0351becc914f15dc8c8c55

COCOAPODS: 1.9.1
