PODS:
  - PeakCoreData (4.0.0):
    - PeakOperation
  - PeakOperation (4.0.0)

DEPENDENCIES:
  - PeakCoreData (from `../../`)

SPEC REPOS:
  https://github.com/cocoapods/specs.git:
    - PeakOperation

EXTERNAL SOURCES:
  PeakCoreData:
    :path: "../../"

SPEC CHECKSUMS:
  PeakCoreData: 0315b22c3d5d987ea00bb47650c88047e51980e8
  PeakOperation: 68825bedc2199bacba9d0fff14fd183078e16b59

PODFILE CHECKSUM: f7fd9b25a91b9894cd0351becc914f15dc8c8c55

COCOAPODS: 1.7.5
